
Microsoft Visual Studio Solution File, Format Version 12.00
# Visual Studio Version 16
VisualStudioVersion = 16.0.29613.14
MinimumVisualStudioVersion = 10.0.40219.1
Project("{FAE04EC0-301F-11D3-BF4B-00C04F79EFBC}") = "ToDo", "ToDo\ToDo.csproj", "{80BFC02A-82F6-4179-8AA5-601FC912C51E}"
EndProject
Project("{FAE04EC0-301F-11D3-BF4B-00C04F79EFBC}") = "Bubbled", "Bubbled\Bubbled.csproj", "{64B0AABF-D699-4422-8F0E-B3D05C9EE945}"
EndProject
Project("{FAE04EC0-301F-11D3-BF4B-00C04F79EFBC}") = "MyWpfLibrary", "MyWpfLibrary\MyWpfLibrary.csproj", "{8BDC4DB9-9A52-4C82-B007-F391F8F6857E}"
EndProject
Project("{FAE04EC0-301F-11D3-BF4B-00C04F79EFBC}") = "Example", "Example\Example.csproj", "{99BDE132-C8B4-496D-B40E-49FA0551DAF7}"
EndProject
Project("{FAE04EC0-301F-11D3-BF4B-00C04F79EFBC}") = "ExampleStyle", "ExampleStyle\ExampleStyle.csproj", "{40DE796E-AECE-4027-A043-83565C4DC591}"
EndProject
Project("{FAE04EC0-301F-11D3-BF4B-00C04F79EFBC}") = "FolderExplorer", "FolderExplorer\FolderExplorer.csproj", "{ED2D5BD9-9C69-424E-BA64-C542D66C255A}"
EndProject
Project("{FAE04EC0-301F-11D3-BF4B-00C04F79EFBC}") = "WpfApplication1", "D:\windows\files\document\ebook\教材\大学\软件\软件工程\深入浅出wpf\WpfApplication1\WpfApplication1.csproj", "{31A33F81-C9F4-48C7-B4A9-B5D58A19CEE1}"
EndProject
Project("{FAE04EC0-301F-11D3-BF4B-00C04F79EFBC}") = "File Explorer", "File-Explorer-master\File Explorer\File Explorer.csproj", "{AB9C9F6A-BD3F-480E-A938-BFB8199671AC}"
EndProject
Project("{FAE04EC0-301F-11D3-BF4B-00C04F79EFBC}") = "TestAPI", "TestAPI\TestAPI.csproj", "{989CA204-5B1F-4D8F-BE3D-19A51ACB6756}"
EndProject
Global
	GlobalSection(SolutionConfigurationPlatforms) = preSolution
		Debug|Any CPU = Debug|Any CPU
		Debug|ARM = Debug|ARM
		Debug|ARM64 = Debug|ARM64
		Debug|x64 = Debug|x64
		Debug|x86 = Debug|x86
		Release|Any CPU = Release|Any CPU
		Release|ARM = Release|ARM
		Release|ARM64 = Release|ARM64
		Release|x64 = Release|x64
		Release|x86 = Release|x86
	EndGlobalSection
	GlobalSection(ProjectConfigurationPlatforms) = postSolution
		{80BFC02A-82F6-4179-8AA5-601FC912C51E}.Debug|Any CPU.ActiveCfg = Debug|Any CPU
		{80BFC02A-82F6-4179-8AA5-601FC912C51E}.Debug|Any CPU.Build.0 = Debug|Any CPU
		{80BFC02A-82F6-4179-8AA5-601FC912C51E}.Debug|ARM.ActiveCfg = Debug|Any CPU
		{80BFC02A-82F6-4179-8AA5-601FC912C51E}.Debug|ARM.Build.0 = Debug|Any CPU
		{80BFC02A-82F6-4179-8AA5-601FC912C51E}.Debug|ARM64.ActiveCfg = Debug|Any CPU
		{80BFC02A-82F6-4179-8AA5-601FC912C51E}.Debug|ARM64.Build.0 = Debug|Any CPU
		{80BFC02A-82F6-4179-8AA5-601FC912C51E}.Debug|x64.ActiveCfg = Debug|Any CPU
		{80BFC02A-82F6-4179-8AA5-601FC912C51E}.Debug|x64.Build.0 = Debug|Any CPU
		{80BFC02A-82F6-4179-8AA5-601FC912C51E}.Debug|x86.ActiveCfg = Debug|Any CPU
		{80BFC02A-82F6-4179-8AA5-601FC912C51E}.Debug|x86.Build.0 = Debug|Any CPU
		{80BFC02A-82F6-4179-8AA5-601FC912C51E}.Release|Any CPU.ActiveCfg = Release|Any CPU
		{80BFC02A-82F6-4179-8AA5-601FC912C51E}.Release|Any CPU.Build.0 = Release|Any CPU
		{80BFC02A-82F6-4179-8AA5-601FC912C51E}.Release|ARM.ActiveCfg = Release|Any CPU
		{80BFC02A-82F6-4179-8AA5-601FC912C51E}.Release|ARM.Build.0 = Release|Any CPU
		{80BFC02A-82F6-4179-8AA5-601FC912C51E}.Release|ARM64.ActiveCfg = Release|Any CPU
		{80BFC02A-82F6-4179-8AA5-601FC912C51E}.Release|ARM64.Build.0 = Release|Any CPU
		{80BFC02A-82F6-4179-8AA5-601FC912C51E}.Release|x64.ActiveCfg = Release|Any CPU
		{80BFC02A-82F6-4179-8AA5-601FC912C51E}.Release|x64.Build.0 = Release|Any CPU
		{80BFC02A-82F6-4179-8AA5-601FC912C51E}.Release|x86.ActiveCfg = Release|Any CPU
		{80BFC02A-82F6-4179-8AA5-601FC912C51E}.Release|x86.Build.0 = Release|Any CPU
		{64B0AABF-D699-4422-8F0E-B3D05C9EE945}.Debug|Any CPU.ActiveCfg = Debug|Any CPU
		{64B0AABF-D699-4422-8F0E-B3D05C9EE945}.Debug|Any CPU.Build.0 = Debug|Any CPU
		{64B0AABF-D699-4422-8F0E-B3D05C9EE945}.Debug|ARM.ActiveCfg = Debug|Any CPU
		{64B0AABF-D699-4422-8F0E-B3D05C9EE945}.Debug|ARM.Build.0 = Debug|Any CPU
		{64B0AABF-D699-4422-8F0E-B3D05C9EE945}.Debug|ARM64.ActiveCfg = Debug|Any CPU
		{64B0AABF-D699-4422-8F0E-B3D05C9EE945}.Debug|ARM64.Build.0 = Debug|Any CPU
		{64B0AABF-D699-4422-8F0E-B3D05C9EE945}.Debug|x64.ActiveCfg = Debug|Any CPU
		{64B0AABF-D699-4422-8F0E-B3D05C9EE945}.Debug|x64.Build.0 = Debug|Any CPU
		{64B0AABF-D699-4422-8F0E-B3D05C9EE945}.Debug|x86.ActiveCfg = Debug|Any CPU
		{64B0AABF-D699-4422-8F0E-B3D05C9EE945}.Debug|x86.Build.0 = Debug|Any CPU
		{64B0AABF-D699-4422-8F0E-B3D05C9EE945}.Release|Any CPU.ActiveCfg = Release|Any CPU
		{64B0AABF-D699-4422-8F0E-B3D05C9EE945}.Release|Any CPU.Build.0 = Release|Any CPU
		{64B0AABF-D699-4422-8F0E-B3D05C9EE945}.Release|ARM.ActiveCfg = Release|Any CPU
		{64B0AABF-D699-4422-8F0E-B3D05C9EE945}.Release|ARM.Build.0 = Release|Any CPU
		{64B0AABF-D699-4422-8F0E-B3D05C9EE945}.Release|ARM64.ActiveCfg = Release|Any CPU
		{64B0AABF-D699-4422-8F0E-B3D05C9EE945}.Release|ARM64.Build.0 = Release|Any CPU
		{64B0AABF-D699-4422-8F0E-B3D05C9EE945}.Release|x64.ActiveCfg = Release|Any CPU
		{64B0AABF-D699-4422-8F0E-B3D05C9EE945}.Release|x64.Build.0 = Release|Any CPU
		{64B0AABF-D699-4422-8F0E-B3D05C9EE945}.Release|x86.ActiveCfg = Release|Any CPU
		{64B0AABF-D699-4422-8F0E-B3D05C9EE945}.Release|x86.Build.0 = Release|Any CPU
		{8BDC4DB9-9A52-4C82-B007-F391F8F6857E}.Debug|Any CPU.ActiveCfg = Debug|Any CPU
		{8BDC4DB9-9A52-4C82-B007-F391F8F6857E}.Debug|Any CPU.Build.0 = Debug|Any CPU
		{8BDC4DB9-9A52-4C82-B007-F391F8F6857E}.Debug|ARM.ActiveCfg = Debug|Any CPU
		{8BDC4DB9-9A52-4C82-B007-F391F8F6857E}.Debug|ARM.Build.0 = Debug|Any CPU
		{8BDC4DB9-9A52-4C82-B007-F391F8F6857E}.Debug|ARM64.ActiveCfg = Debug|Any CPU
		{8BDC4DB9-9A52-4C82-B007-F391F8F6857E}.Debug|ARM64.Build.0 = Debug|Any CPU
		{8BDC4DB9-9A52-4C82-B007-F391F8F6857E}.Debug|x64.ActiveCfg = Debug|Any CPU
		{8BDC4DB9-9A52-4C82-B007-F391F8F6857E}.Debug|x64.Build.0 = Debug|Any CPU
		{8BDC4DB9-9A52-4C82-B007-F391F8F6857E}.Debug|x86.ActiveCfg = Debug|Any CPU
		{8BDC4DB9-9A52-4C82-B007-F391F8F6857E}.Debug|x86.Build.0 = Debug|Any CPU
		{8BDC4DB9-9A52-4C82-B007-F391F8F6857E}.Release|Any CPU.ActiveCfg = Release|Any CPU
		{8BDC4DB9-9A52-4C82-B007-F391F8F6857E}.Release|Any CPU.Build.0 = Release|Any CPU
		{8BDC4DB9-9A52-4C82-B007-F391F8F6857E}.Release|ARM.ActiveCfg = Release|Any CPU
		{8BDC4DB9-9A52-4C82-B007-F391F8F6857E}.Release|ARM.Build.0 = Release|Any CPU
		{8BDC4DB9-9A52-4C82-B007-F391F8F6857E}.Release|ARM64.ActiveCfg = Release|Any CPU
		{8BDC4DB9-9A52-4C82-B007-F391F8F6857E}.Release|ARM64.Build.0 = Release|Any CPU
		{8BDC4DB9-9A52-4C82-B007-F391F8F6857E}.Release|x64.ActiveCfg = Release|Any CPU
		{8BDC4DB9-9A52-4C82-B007-F391F8F6857E}.Release|x64.Build.0 = Release|Any CPU
		{8BDC4DB9-9A52-4C82-B007-F391F8F6857E}.Release|x86.ActiveCfg = Release|Any CPU
		{8BDC4DB9-9A52-4C82-B007-F391F8F6857E}.Release|x86.Build.0 = Release|Any CPU
		{99BDE132-C8B4-496D-B40E-49FA0551DAF7}.Debug|Any CPU.ActiveCfg = Debug|Any CPU
		{99BDE132-C8B4-496D-B40E-49FA0551DAF7}.Debug|Any CPU.Build.0 = Debug|Any CPU
		{99BDE132-C8B4-496D-B40E-49FA0551DAF7}.Debug|ARM.ActiveCfg = Debug|Any CPU
		{99BDE132-C8B4-496D-B40E-49FA0551DAF7}.Debug|ARM.Build.0 = Debug|Any CPU
		{99BDE132-C8B4-496D-B40E-49FA0551DAF7}.Debug|ARM64.ActiveCfg = Debug|Any CPU
		{99BDE132-C8B4-496D-B40E-49FA0551DAF7}.Debug|ARM64.Build.0 = Debug|Any CPU
		{99BDE132-C8B4-496D-B40E-49FA0551DAF7}.Debug|x64.ActiveCfg = Debug|Any CPU
		{99BDE132-C8B4-496D-B40E-49FA0551DAF7}.Debug|x64.Build.0 = Debug|Any CPU
		{99BDE132-C8B4-496D-B40E-49FA0551DAF7}.Debug|x86.ActiveCfg = Debug|Any CPU
		{99BDE132-C8B4-496D-B40E-49FA0551DAF7}.Debug|x86.Build.0 = Debug|Any CPU
		{99BDE132-C8B4-496D-B40E-49FA0551DAF7}.Release|Any CPU.ActiveCfg = Release|Any CPU
		{99BDE132-C8B4-496D-B40E-49FA0551DAF7}.Release|Any CPU.Build.0 = Release|Any CPU
		{99BDE132-C8B4-496D-B40E-49FA0551DAF7}.Release|ARM.ActiveCfg = Release|Any CPU
		{99BDE132-C8B4-496D-B40E-49FA0551DAF7}.Release|ARM.Build.0 = Release|Any CPU
		{99BDE132-C8B4-496D-B40E-49FA0551DAF7}.Release|ARM64.ActiveCfg = Release|Any CPU
		{99BDE132-C8B4-496D-B40E-49FA0551DAF7}.Release|ARM64.Build.0 = Release|Any CPU
		{99BDE132-C8B4-496D-B40E-49FA0551DAF7}.Release|x64.ActiveCfg = Release|Any CPU
		{99BDE132-C8B4-496D-B40E-49FA0551DAF7}.Release|x64.Build.0 = Release|Any CPU
		{99BDE132-C8B4-496D-B40E-49FA0551DAF7}.Release|x86.ActiveCfg = Release|Any CPU
		{99BDE132-C8B4-496D-B40E-49FA0551DAF7}.Release|x86.Build.0 = Release|Any CPU
		{40DE796E-AECE-4027-A043-83565C4DC591}.Debug|Any CPU.ActiveCfg = Debug|Any CPU
		{40DE796E-AECE-4027-A043-83565C4DC591}.Debug|Any CPU.Build.0 = Debug|Any CPU
		{40DE796E-AECE-4027-A043-83565C4DC591}.Debug|ARM.ActiveCfg = Debug|Any CPU
		{40DE796E-AECE-4027-A043-83565C4DC591}.Debug|ARM.Build.0 = Debug|Any CPU
		{40DE796E-AECE-4027-A043-83565C4DC591}.Debug|ARM64.ActiveCfg = Debug|Any CPU
		{40DE796E-AECE-4027-A043-83565C4DC591}.Debug|ARM64.Build.0 = Debug|Any CPU
		{40DE796E-AECE-4027-A043-83565C4DC591}.Debug|x64.ActiveCfg = Debug|Any CPU
		{40DE796E-AECE-4027-A043-83565C4DC591}.Debug|x64.Build.0 = Debug|Any CPU
		{40DE796E-AECE-4027-A043-83565C4DC591}.Debug|x86.ActiveCfg = Debug|Any CPU
		{40DE796E-AECE-4027-A043-83565C4DC591}.Debug|x86.Build.0 = Debug|Any CPU
		{40DE796E-AECE-4027-A043-83565C4DC591}.Release|Any CPU.ActiveCfg = Release|Any CPU
		{40DE796E-AECE-4027-A043-83565C4DC591}.Release|Any CPU.Build.0 = Release|Any CPU
		{40DE796E-AECE-4027-A043-83565C4DC591}.Release|ARM.ActiveCfg = Release|Any CPU
		{40DE796E-AECE-4027-A043-83565C4DC591}.Release|ARM.Build.0 = Release|Any CPU
		{40DE796E-AECE-4027-A043-83565C4DC591}.Release|ARM64.ActiveCfg = Release|Any CPU
		{40DE796E-AECE-4027-A043-83565C4DC591}.Release|ARM64.Build.0 = Release|Any CPU
		{40DE796E-AECE-4027-A043-83565C4DC591}.Release|x64.ActiveCfg = Release|Any CPU
		{40DE796E-AECE-4027-A043-83565C4DC591}.Release|x64.Build.0 = Release|Any CPU
		{40DE796E-AECE-4027-A043-83565C4DC591}.Release|x86.ActiveCfg = Release|Any CPU
		{40DE796E-AECE-4027-A043-83565C4DC591}.Release|x86.Build.0 = Release|Any CPU
		{ED2D5BD9-9C69-424E-BA64-C542D66C255A}.Debug|Any CPU.ActiveCfg = Debug|Any CPU
		{ED2D5BD9-9C69-424E-BA64-C542D66C255A}.Debug|Any CPU.Build.0 = Debug|Any CPU
		{ED2D5BD9-9C69-424E-BA64-C542D66C255A}.Debug|ARM.ActiveCfg = Debug|Any CPU
		{ED2D5BD9-9C69-424E-BA64-C542D66C255A}.Debug|ARM.Build.0 = Debug|Any CPU
		{ED2D5BD9-9C69-424E-BA64-C542D66C255A}.Debug|ARM64.ActiveCfg = Debug|Any CPU
		{ED2D5BD9-9C69-424E-BA64-C542D66C255A}.Debug|ARM64.Build.0 = Debug|Any CPU
		{ED2D5BD9-9C69-424E-BA64-C542D66C255A}.Debug|x64.ActiveCfg = Debug|Any CPU
		{ED2D5BD9-9C69-424E-BA64-C542D66C255A}.Debug|x64.Build.0 = Debug|Any CPU
		{ED2D5BD9-9C69-424E-BA64-C542D66C255A}.Debug|x86.ActiveCfg = Debug|Any CPU
		{ED2D5BD9-9C69-424E-BA64-C542D66C255A}.Debug|x86.Build.0 = Debug|Any CPU
		{ED2D5BD9-9C69-424E-BA64-C542D66C255A}.Release|Any CPU.ActiveCfg = Release|Any CPU
		{ED2D5BD9-9C69-424E-BA64-C542D66C255A}.Release|Any CPU.Build.0 = Release|Any CPU
		{ED2D5BD9-9C69-424E-BA64-C542D66C255A}.Release|ARM.ActiveCfg = Release|Any CPU
		{ED2D5BD9-9C69-424E-BA64-C542D66C255A}.Release|ARM.Build.0 = Release|Any CPU
		{ED2D5BD9-9C69-424E-BA64-C542D66C255A}.Release|ARM64.ActiveCfg = Release|Any CPU
		{ED2D5BD9-9C69-424E-BA64-C542D66C255A}.Release|ARM64.Build.0 = Release|Any CPU
		{ED2D5BD9-9C69-424E-BA64-C542D66C255A}.Release|x64.ActiveCfg = Release|Any CPU
		{ED2D5BD9-9C69-424E-BA64-C542D66C255A}.Release|x64.Build.0 = Release|Any CPU
		{ED2D5BD9-9C69-424E-BA64-C542D66C255A}.Release|x86.ActiveCfg = Release|Any CPU
		{ED2D5BD9-9C69-424E-BA64-C542D66C255A}.Release|x86.Build.0 = Release|Any CPU
		{31A33F81-C9F4-48C7-B4A9-B5D58A19CEE1}.Debug|Any CPU.ActiveCfg = Debug|x86
		{31A33F81-C9F4-48C7-B4A9-B5D58A19CEE1}.Debug|ARM.ActiveCfg = Debug|x86
		{31A33F81-C9F4-48C7-B4A9-B5D58A19CEE1}.Debug|ARM64.ActiveCfg = Debug|x86
		{31A33F81-C9F4-48C7-B4A9-B5D58A19CEE1}.Debug|x64.ActiveCfg = Debug|x86
		{31A33F81-C9F4-48C7-B4A9-B5D58A19CEE1}.Debug|x86.ActiveCfg = Debug|x86
		{31A33F81-C9F4-48C7-B4A9-B5D58A19CEE1}.Debug|x86.Build.0 = Debug|x86
		{31A33F81-C9F4-48C7-B4A9-B5D58A19CEE1}.Release|Any CPU.ActiveCfg = Release|x86
		{31A33F81-C9F4-48C7-B4A9-B5D58A19CEE1}.Release|ARM.ActiveCfg = Release|x86
		{31A33F81-C9F4-48C7-B4A9-B5D58A19CEE1}.Release|ARM64.ActiveCfg = Release|x86
		{31A33F81-C9F4-48C7-B4A9-B5D58A19CEE1}.Release|x64.ActiveCfg = Release|x86
		{31A33F81-C9F4-48C7-B4A9-B5D58A19CEE1}.Release|x86.ActiveCfg = Release|x86
		{31A33F81-C9F4-48C7-B4A9-B5D58A19CEE1}.Release|x86.Build.0 = Release|x86
		{AB9C9F6A-BD3F-480E-A938-BFB8199671AC}.Debug|Any CPU.ActiveCfg = Debug|Any CPU
		{AB9C9F6A-BD3F-480E-A938-BFB8199671AC}.Debug|Any CPU.Build.0 = Debug|Any CPU
		{AB9C9F6A-BD3F-480E-A938-BFB8199671AC}.Debug|ARM.ActiveCfg = Debug|Any CPU
		{AB9C9F6A-BD3F-480E-A938-BFB8199671AC}.Debug|ARM.Build.0 = Debug|Any CPU
		{AB9C9F6A-BD3F-480E-A938-BFB8199671AC}.Debug|ARM64.ActiveCfg = Debug|Any CPU
		{AB9C9F6A-BD3F-480E-A938-BFB8199671AC}.Debug|ARM64.Build.0 = Debug|Any CPU
		{AB9C9F6A-BD3F-480E-A938-BFB8199671AC}.Debug|x64.ActiveCfg = Debug|Any CPU
		{AB9C9F6A-BD3F-480E-A938-BFB8199671AC}.Debug|x64.Build.0 = Debug|Any CPU
		{AB9C9F6A-BD3F-480E-A938-BFB8199671AC}.Debug|x86.ActiveCfg = Debug|Any CPU
		{AB9C9F6A-BD3F-480E-A938-BFB8199671AC}.Debug|x86.Build.0 = Debug|Any CPU
		{AB9C9F6A-BD3F-480E-A938-BFB8199671AC}.Release|Any CPU.ActiveCfg = Release|Any CPU
		{AB9C9F6A-BD3F-480E-A938-BFB8199671AC}.Release|Any CPU.Build.0 = Release|Any CPU
		{AB9C9F6A-BD3F-480E-A938-BFB8199671AC}.Release|ARM.ActiveCfg = Release|Any CPU
		{AB9C9F6A-BD3F-480E-A938-BFB8199671AC}.Release|ARM.Build.0 = Release|Any CPU
		{AB9C9F6A-BD3F-480E-A938-BFB8199671AC}.Release|ARM64.ActiveCfg = Release|Any CPU
		{AB9C9F6A-BD3F-480E-A938-BFB8199671AC}.Release|ARM64.Build.0 = Release|Any CPU
		{AB9C9F6A-BD3F-480E-A938-BFB8199671AC}.Release|x64.ActiveCfg = Release|Any CPU
		{AB9C9F6A-BD3F-480E-A938-BFB8199671AC}.Release|x64.Build.0 = Release|Any CPU
		{AB9C9F6A-BD3F-480E-A938-BFB8199671AC}.Release|x86.ActiveCfg = Release|Any CPU
		{AB9C9F6A-BD3F-480E-A938-BFB8199671AC}.Release|x86.Build.0 = Release|Any CPU
		{989CA204-5B1F-4D8F-BE3D-19A51ACB6756}.Debug|Any CPU.ActiveCfg = Debug|Any CPU
		{989CA204-5B1F-4D8F-BE3D-19A51ACB6756}.Debug|Any CPU.Build.0 = Debug|Any CPU
		{989CA204-5B1F-4D8F-BE3D-19A51ACB6756}.Debug|ARM.ActiveCfg = Debug|Any CPU
		{989CA204-5B1F-4D8F-BE3D-19A51ACB6756}.Debug|ARM.Build.0 = Debug|Any CPU
		{989CA204-5B1F-4D8F-BE3D-19A51ACB6756}.Debug|ARM64.ActiveCfg = Debug|Any CPU
		{989CA204-5B1F-4D8F-BE3D-19A51ACB6756}.Debug|ARM64.Build.0 = Debug|Any CPU
		{989CA204-5B1F-4D8F-BE3D-19A51ACB6756}.Debug|x64.ActiveCfg = Debug|Any CPU
		{989CA204-5B1F-4D8F-BE3D-19A51ACB6756}.Debug|x64.Build.0 = Debug|Any CPU
		{989CA204-5B1F-4D8F-BE3D-19A51ACB6756}.Debug|x86.ActiveCfg = Debug|Any CPU
		{989CA204-5B1F-4D8F-BE3D-19A51ACB6756}.Debug|x86.Build.0 = Debug|Any CPU
		{989CA204-5B1F-4D8F-BE3D-19A51ACB6756}.Release|Any CPU.ActiveCfg = Release|Any CPU
		{989CA204-5B1F-4D8F-BE3D-19A51ACB6756}.Release|Any CPU.Build.0 = Release|Any CPU
		{989CA204-5B1F-4D8F-BE3D-19A51ACB6756}.Release|ARM.ActiveCfg = Release|Any CPU
		{989CA204-5B1F-4D8F-BE3D-19A51ACB6756}.Release|ARM.Build.0 = Release|Any CPU
		{989CA204-5B1F-4D8F-BE3D-19A51ACB6756}.Release|ARM64.ActiveCfg = Release|Any CPU
		{989CA204-5B1F-4D8F-BE3D-19A51ACB6756}.Release|ARM64.Build.0 = Release|Any CPU
		{989CA204-5B1F-4D8F-BE3D-19A51ACB6756}.Release|x64.ActiveCfg = Release|Any CPU
		{989CA204-5B1F-4D8F-BE3D-19A51ACB6756}.Release|x64.Build.0 = Release|Any CPU
		{989CA204-5B1F-4D8F-BE3D-19A51ACB6756}.Release|x86.ActiveCfg = Release|Any CPU
		{989CA204-5B1F-4D8F-BE3D-19A51ACB6756}.Release|x86.Build.0 = Release|Any CPU
	EndGlobalSection
	GlobalSection(SolutionProperties) = preSolution
		HideSolutionNode = FALSE
	EndGlobalSection
	GlobalSection(ExtensibilityGlobals) = postSolution
		SolutionGuid = {E427EA6F-20AD-410B-9997-D32895C5DB89}
	EndGlobalSection
EndGlobal
