
Microsoft Visual Studio Solution File, Format Version 11.00
# Visual Studio 10
Project("{FAE04EC0-301F-11D3-BF4B-00C04F79EFBC}") = "UseAutoResetEvent", "UseAutoResetEvent\UseAutoResetEvent.csproj", "{1C1FF46E-DCFC-4D86-BF72-6AC7CB1056CD}"
EndProject
Global
	GlobalSection(SolutionConfigurationPlatforms) = preSolution
		Debug|Any CPU = Debug|Any CPU
		Release|Any CPU = Release|Any CPU
	EndGlobalSection
	GlobalSection(ProjectConfigurationPlatforms) = postSolution
		{1C1FF46E-DCFC-4D86-BF72-6AC7CB1056CD}.Debug|Any CPU.ActiveCfg = Debug|Any CPU
		{1C1FF46E-DCFC-4D86-BF72-6AC7CB1056CD}.Debug|Any CPU.Build.0 = Debug|Any CPU
		{1C1FF46E-DCFC-4D86-BF72-6AC7CB1056CD}.Release|Any CPU.ActiveCfg = Release|Any CPU
		{1C1FF46E-DCFC-4D86-BF72-6AC7CB1056CD}.Release|Any CPU.Build.0 = Release|Any CPU
	EndGlobalSection
	GlobalSection(SolutionProperties) = preSolution
		HideSolutionNode = FALSE
	EndGlobalSection
EndGlobal
