
Microsoft Visual Studio Solution File, Format Version 12.00
# Visual Studio Version 16
VisualStudioVersion = 16.0.29025.244
MinimumVisualStudioVersion = 10.0.40219.1
Project("{FAE04EC0-301F-11D3-BF4B-00C04F79EFBC}") = "QuickSort", "QuickSort\QuickSort.csproj", "{13060DCB-B63C-482F-B461-F65210EDCE6A}"
EndProject
Global
	GlobalSection(SolutionConfigurationPlatforms) = preSolution
		Debug|Any CPU = Debug|Any CPU
		Release|Any CPU = Release|Any CPU
	EndGlobalSection
	GlobalSection(ProjectConfigurationPlatforms) = postSolution
		{13060DCB-B63C-482F-B461-F65210EDCE6A}.Debug|Any CPU.ActiveCfg = Debug|Any CPU
		{13060DCB-B63C-482F-B461-F65210EDCE6A}.Debug|Any CPU.Build.0 = Debug|Any CPU
		{13060DCB-B63C-482F-B461-F65210EDCE6A}.Release|Any CPU.ActiveCfg = Release|Any CPU
		{13060DCB-B63C-482F-B461-F65210EDCE6A}.Release|Any CPU.Build.0 = Release|Any CPU
	EndGlobalSection
	GlobalSection(SolutionProperties) = preSolution
		HideSolutionNode = FALSE
	EndGlobalSection
	GlobalSection(ExtensibilityGlobals) = postSolution
		SolutionGuid = {042AD08F-BBC7-4659-9543-ABE7BB84F0E1}
	EndGlobalSection
EndGlobal
