
Microsoft Visual Studio Solution File, Format Version 12.00
# Visual Studio 2013
VisualStudioVersion = 12.0.31101.0
MinimumVisualStudioVersion = 10.0.40219.1
Project("{FAE04EC0-301F-11D3-BF4B-00C04F79EFBC}") = "MyDLL", "MyDLL\MyDLL.csproj", "{B2F7F824-5A48-40D6-8EE0-48B5F5F5C7EA}"
EndProject
Project("{FAE04EC0-301F-11D3-BF4B-00C04F79EFBC}") = "MyDLL2", "MyDLL2\MyDLL2.csproj", "{26AE6B01-C08E-43C8-9B33-F1CB9680BB06}"
EndProject
Project("{FAE04EC0-301F-11D3-BF4B-00C04F79EFBC}") = "UseDLL", "UseDLL\UseDLL.csproj", "{AB55B810-4D44-4D3D-BCBE-AC8249C7D616}"
EndProject
Global
	GlobalSection(SolutionConfigurationPlatforms) = preSolution
		Debug|Any CPU = Debug|Any CPU
		Release|Any CPU = Release|Any CPU
	EndGlobalSection
	GlobalSection(ProjectConfigurationPlatforms) = postSolution
		{B2F7F824-5A48-40D6-8EE0-48B5F5F5C7EA}.Debug|Any CPU.ActiveCfg = Debug|Any CPU
		{B2F7F824-5A48-40D6-8EE0-48B5F5F5C7EA}.Debug|Any CPU.Build.0 = Debug|Any CPU
		{B2F7F824-5A48-40D6-8EE0-48B5F5F5C7EA}.Release|Any CPU.ActiveCfg = Release|Any CPU
		{B2F7F824-5A48-40D6-8EE0-48B5F5F5C7EA}.Release|Any CPU.Build.0 = Release|Any CPU
		{26AE6B01-C08E-43C8-9B33-F1CB9680BB06}.Debug|Any CPU.ActiveCfg = Debug|Any CPU
		{26AE6B01-C08E-43C8-9B33-F1CB9680BB06}.Debug|Any CPU.Build.0 = Debug|Any CPU
		{26AE6B01-C08E-43C8-9B33-F1CB9680BB06}.Release|Any CPU.ActiveCfg = Release|Any CPU
		{26AE6B01-C08E-43C8-9B33-F1CB9680BB06}.Release|Any CPU.Build.0 = Release|Any CPU
		{AB55B810-4D44-4D3D-BCBE-AC8249C7D616}.Debug|Any CPU.ActiveCfg = Debug|Any CPU
		{AB55B810-4D44-4D3D-BCBE-AC8249C7D616}.Debug|Any CPU.Build.0 = Debug|Any CPU
		{AB55B810-4D44-4D3D-BCBE-AC8249C7D616}.Release|Any CPU.ActiveCfg = Release|Any CPU
		{AB55B810-4D44-4D3D-BCBE-AC8249C7D616}.Release|Any CPU.Build.0 = Release|Any CPU
	EndGlobalSection
	GlobalSection(SolutionProperties) = preSolution
		HideSolutionNode = FALSE
	EndGlobalSection
EndGlobal
