
Microsoft Visual Studio Solution File, Format Version 11.00
# Visual C# Express 2010
Project("{FAE04EC0-301F-11D3-BF4B-00C04F79EFBC}") = "UnderStandTunneledEvent", "UnderStandTunneledEvent\UnderStandTunneledEvent.csproj", "{7D256E1D-75AB-41DE-AEF9-28A674DA9ADF}"
EndProject
Global
	GlobalSection(SolutionConfigurationPlatforms) = preSolution
		Debug|Any CPU = Debug|Any CPU
		Release|Any CPU = Release|Any CPU
	EndGlobalSection
	GlobalSection(ProjectConfigurationPlatforms) = postSolution
		{7D256E1D-75AB-41DE-AEF9-28A674DA9ADF}.Debug|Any CPU.ActiveCfg = Debug|Any CPU
		{7D256E1D-75AB-41DE-AEF9-28A674DA9ADF}.Debug|Any CPU.Build.0 = Debug|Any CPU
		{7D256E1D-75AB-41DE-AEF9-28A674DA9ADF}.Release|Any CPU.ActiveCfg = Release|Any CPU
		{7D256E1D-75AB-41DE-AEF9-28A674DA9ADF}.Release|Any CPU.Build.0 = Release|Any CPU
	EndGlobalSection
	GlobalSection(SolutionProperties) = preSolution
		HideSolutionNode = FALSE
	EndGlobalSection
EndGlobal
