
Microsoft Visual Studio Solution File, Format Version 12.00
# Visual Studio Version 16
VisualStudioVersion = 16.0.29209.62
MinimumVisualStudioVersion = 10.0.40219.1
Project("{FAE04EC0-301F-11D3-BF4B-00C04F79EFBC}") = "ParentAndSub", "ClassAndObject\ParentAndSub.csproj", "{73D29C8D-14B9-49D0-AB5F-46DB54A3E498}"
EndProject
Global
	GlobalSection(SolutionConfigurationPlatforms) = preSolution
		Debug|Any CPU = Debug|Any CPU
		Release|Any CPU = Release|Any CPU
	EndGlobalSection
	GlobalSection(ProjectConfigurationPlatforms) = postSolution
		{73D29C8D-14B9-49D0-AB5F-46DB54A3E498}.Debug|Any CPU.ActiveCfg = Debug|Any CPU
		{73D29C8D-14B9-49D0-AB5F-46DB54A3E498}.Debug|Any CPU.Build.0 = Debug|Any CPU
		{73D29C8D-14B9-49D0-AB5F-46DB54A3E498}.Release|Any CPU.ActiveCfg = Release|Any CPU
		{73D29C8D-14B9-49D0-AB5F-46DB54A3E498}.Release|Any CPU.Build.0 = Release|Any CPU
	EndGlobalSection
	GlobalSection(SolutionProperties) = preSolution
		HideSolutionNode = FALSE
	EndGlobalSection
	GlobalSection(ExtensibilityGlobals) = postSolution
		SolutionGuid = {781C81D4-E44A-46A9-A96D-8309AD2D4A28}
	EndGlobalSection
EndGlobal
