
Microsoft Visual Studio Solution File, Format Version 11.00
# Visual C# Express 2010
Project("{FAE04EC0-301F-11D3-BF4B-00C04F79EFBC}") = "UseAnonymousMethod", "UseAnonymousMethod\UseAnonymousMethod.csproj", "{F0C2FF7C-BC02-432C-BB81-C94829AD1CD1}"
EndProject
Global
	GlobalSection(SolutionConfigurationPlatforms) = preSolution
		Debug|Any CPU = Debug|Any CPU
		Release|Any CPU = Release|Any CPU
	EndGlobalSection
	GlobalSection(ProjectConfigurationPlatforms) = postSolution
		{F0C2FF7C-BC02-432C-BB81-C94829AD1CD1}.Debug|Any CPU.ActiveCfg = Debug|Any CPU
		{F0C2FF7C-BC02-432C-BB81-C94829AD1CD1}.Debug|Any CPU.Build.0 = Debug|Any CPU
		{F0C2FF7C-BC02-432C-BB81-C94829AD1CD1}.Release|Any CPU.ActiveCfg = Release|Any CPU
		{F0C2FF7C-BC02-432C-BB81-C94829AD1CD1}.Release|Any CPU.Build.0 = Release|Any CPU
	EndGlobalSection
	GlobalSection(SolutionProperties) = preSolution
		HideSolutionNode = FALSE
	EndGlobalSection
EndGlobal
