
Microsoft Visual Studio Solution File, Format Version 11.00
# Visual Studio 2010
Project("{FAE04EC0-301F-11D3-BF4B-00C04F79EFBC}") = "MaxMinUseDynamic", "MaxMinUseDynamic\MaxMinUseDynamic.csproj", "{A6B6D88A-954D-461D-AD46-2382C6EBE95B}"
EndProject
Global
	GlobalSection(SolutionConfigurationPlatforms) = preSolution
		Debug|x86 = Debug|x86
		Release|x86 = Release|x86
	EndGlobalSection
	GlobalSection(ProjectConfigurationPlatforms) = postSolution
		{A6B6D88A-954D-461D-AD46-2382C6EBE95B}.Debug|x86.ActiveCfg = Debug|x86
		{A6B6D88A-954D-461D-AD46-2382C6EBE95B}.Debug|x86.Build.0 = Debug|x86
		{A6B6D88A-954D-461D-AD46-2382C6EBE95B}.Release|x86.ActiveCfg = Release|x86
		{A6B6D88A-954D-461D-AD46-2382C6EBE95B}.Release|x86.Build.0 = Release|x86
	EndGlobalSection
	GlobalSection(SolutionProperties) = preSolution
		HideSolutionNode = FALSE
	EndGlobalSection
EndGlobal
