
Microsoft Visual Studio Solution File, Format Version 11.00
# Visual C# Express 2010
Project("{FAE04EC0-301F-11D3-BF4B-00C04F79EFBC}") = "UseEventListExample", "UseEventListExample\UseEventListExample.csproj", "{35FBC8C2-18D3-4880-8ADA-C675DEE189E8}"
EndProject
Global
	GlobalSection(SolutionConfigurationPlatforms) = preSolution
		Debug|Any CPU = Debug|Any CPU
		Release|Any CPU = Release|Any CPU
	EndGlobalSection
	GlobalSection(ProjectConfigurationPlatforms) = postSolution
		{35FBC8C2-18D3-4880-8ADA-C675DEE189E8}.Debug|Any CPU.ActiveCfg = Debug|Any CPU
		{35FBC8C2-18D3-4880-8ADA-C675DEE189E8}.Debug|Any CPU.Build.0 = Debug|Any CPU
		{35FBC8C2-18D3-4880-8ADA-C675DEE189E8}.Release|Any CPU.ActiveCfg = Release|Any CPU
		{35FBC8C2-18D3-4880-8ADA-C675DEE189E8}.Release|Any CPU.Build.0 = Release|Any CPU
	EndGlobalSection
	GlobalSection(SolutionProperties) = preSolution
		HideSolutionNode = FALSE
	EndGlobalSection
EndGlobal
