
Microsoft Visual Studio Solution File, Format Version 11.00
# Visual Studio 2010
Project("{FAE04EC0-301F-11D3-BF4B-00C04F79EFBC}") = "UseTimerCallback", "UseTimerCallback\UseTimerCallback.csproj", "{5676F64B-8799-49D3-AFFB-3DD96A8BE2F4}"
EndProject
Global
	GlobalSection(SolutionConfigurationPlatforms) = preSolution
		Debug|Any CPU = Debug|Any CPU
		Release|Any CPU = Release|Any CPU
	EndGlobalSection
	GlobalSection(ProjectConfigurationPlatforms) = postSolution
		{5676F64B-8799-49D3-AFFB-3DD96A8BE2F4}.Debug|Any CPU.ActiveCfg = Debug|Any CPU
		{5676F64B-8799-49D3-AFFB-3DD96A8BE2F4}.Debug|Any CPU.Build.0 = Debug|Any CPU
		{5676F64B-8799-49D3-AFFB-3DD96A8BE2F4}.Release|Any CPU.ActiveCfg = Release|Any CPU
		{5676F64B-8799-49D3-AFFB-3DD96A8BE2F4}.Release|Any CPU.Build.0 = Release|Any CPU
	EndGlobalSection
	GlobalSection(SolutionProperties) = preSolution
		HideSolutionNode = FALSE
	EndGlobalSection
EndGlobal
