
Microsoft Visual Studio Solution File, Format Version 11.00
# Visual C# Express 2010
Project("{FAE04EC0-301F-11D3-BF4B-00C04F79EFBC}") = "SingleObjectSerialization2", "SingleObjectSerialization2\SingleObjectSerialization2.csproj", "{58042C81-2374-403B-9795-338AA48D38ED}"
EndProject
Global
	GlobalSection(SolutionConfigurationPlatforms) = preSolution
		Debug|Any CPU = Debug|Any CPU
		Release|Any CPU = Release|Any CPU
	EndGlobalSection
	GlobalSection(ProjectConfigurationPlatforms) = postSolution
		{58042C81-2374-403B-9795-338AA48D38ED}.Debug|Any CPU.ActiveCfg = Debug|Any CPU
		{58042C81-2374-403B-9795-338AA48D38ED}.Debug|Any CPU.Build.0 = Debug|Any CPU
		{58042C81-2374-403B-9795-338AA48D38ED}.Release|Any CPU.ActiveCfg = Release|Any CPU
		{58042C81-2374-403B-9795-338AA48D38ED}.Release|Any CPU.Build.0 = Release|Any CPU
	EndGlobalSection
	GlobalSection(SolutionProperties) = preSolution
		HideSolutionNode = FALSE
	EndGlobalSection
EndGlobal
