
Microsoft Visual Studio Solution File, Format Version 12.00
# Visual Studio Version 16
VisualStudioVersion = 16.0.29613.14
MinimumVisualStudioVersion = 10.0.40219.1
Project("{FAE04EC0-301F-11D3-BF4B-00C04F79EFBC}") = "MusicPlayer", "MusicPlayer\MusicPlayer.csproj", "{8E83D7A0-83FA-4DEB-BCAC-4663274EBAAA}"
EndProject
Global
	GlobalSection(SolutionConfigurationPlatforms) = preSolution
		Debug|Any CPU = Debug|Any CPU
		Release|Any CPU = Release|Any CPU
	EndGlobalSection
	GlobalSection(ProjectConfigurationPlatforms) = postSolution
		{8E83D7A0-83FA-4DEB-BCAC-4663274EBAAA}.Debug|Any CPU.ActiveCfg = Debug|Any CPU
		{8E83D7A0-83FA-4DEB-BCAC-4663274EBAAA}.Debug|Any CPU.Build.0 = Debug|Any CPU
		{8E83D7A0-83FA-4DEB-BCAC-4663274EBAAA}.Release|Any CPU.ActiveCfg = Release|Any CPU
		{8E83D7A0-83FA-4DEB-BCAC-4663274EBAAA}.Release|Any CPU.Build.0 = Release|Any CPU
	EndGlobalSection
	GlobalSection(SolutionProperties) = preSolution
		HideSolutionNode = FALSE
	EndGlobalSection
	GlobalSection(ExtensibilityGlobals) = postSolution
		SolutionGuid = {F6180E53-1367-493F-A984-49B294E83AA3}
	EndGlobalSection
EndGlobal
