
Microsoft Visual Studio Solution File, Format Version 12.00
# Visual Studio Version 16
VisualStudioVersion = 16.0.29025.244
MinimumVisualStudioVersion = 10.0.40219.1
Project("{FAE04EC0-301F-11D3-BF4B-00C04F79EFBC}") = "HashTable", "HashTable\HashTable.csproj", "{24FBE511-CCC0-43DA-B81F-5E8DC4A52A70}"
EndProject
Global
	GlobalSection(SolutionConfigurationPlatforms) = preSolution
		Debug|Any CPU = Debug|Any CPU
		Release|Any CPU = Release|Any CPU
	EndGlobalSection
	GlobalSection(ProjectConfigurationPlatforms) = postSolution
		{24FBE511-CCC0-43DA-B81F-5E8DC4A52A70}.Debug|Any CPU.ActiveCfg = Debug|Any CPU
		{24FBE511-CCC0-43DA-B81F-5E8DC4A52A70}.Debug|Any CPU.Build.0 = Debug|Any CPU
		{24FBE511-CCC0-43DA-B81F-5E8DC4A52A70}.Release|Any CPU.ActiveCfg = Release|Any CPU
		{24FBE511-CCC0-43DA-B81F-5E8DC4A52A70}.Release|Any CPU.Build.0 = Release|Any CPU
	EndGlobalSection
	GlobalSection(SolutionProperties) = preSolution
		HideSolutionNode = FALSE
	EndGlobalSection
	GlobalSection(ExtensibilityGlobals) = postSolution
		SolutionGuid = {CE2F201B-0BD2-47EF-8DB5-1F88C45C620B}
	EndGlobalSection
EndGlobal
