
Microsoft Visual Studio Solution File, Format Version 12.00
# Visual Studio 2013
VisualStudioVersion = 12.0.31101.0
MinimumVisualStudioVersion = 10.0.40219.1
Project("{FAE04EC0-301F-11D3-BF4B-00C04F79EFBC}") = "ClassLib", "ClassLib\ClassLib.csproj", "{D87D6934-D2E6-430C-B04E-72801E38093B}"
EndProject
Project("{FAE04EC0-301F-11D3-BF4B-00C04F79EFBC}") = "ClassLibTestProject", "ClassLibTestProject\ClassLibTestProject.csproj", "{98FB1E7D-7ED5-4EC2-B0F5-296B4E48AFA2}"
EndProject
Project("{FAE04EC0-301F-11D3-BF4B-00C04F79EFBC}") = "UseClassLib", "UseClassLib\UseClassLib.csproj", "{2935005D-26D1-4B0C-B74A-9BFFCB3BFA46}"
EndProject
Global
	GlobalSection(SolutionConfigurationPlatforms) = preSolution
		Debug|Any CPU = Debug|Any CPU
		Release|Any CPU = Release|Any CPU
	EndGlobalSection
	GlobalSection(ProjectConfigurationPlatforms) = postSolution
		{D87D6934-D2E6-430C-B04E-72801E38093B}.Debug|Any CPU.ActiveCfg = Debug|Any CPU
		{D87D6934-D2E6-430C-B04E-72801E38093B}.Debug|Any CPU.Build.0 = Debug|Any CPU
		{D87D6934-D2E6-430C-B04E-72801E38093B}.Release|Any CPU.ActiveCfg = Release|Any CPU
		{D87D6934-D2E6-430C-B04E-72801E38093B}.Release|Any CPU.Build.0 = Release|Any CPU
		{98FB1E7D-7ED5-4EC2-B0F5-296B4E48AFA2}.Debug|Any CPU.ActiveCfg = Debug|Any CPU
		{98FB1E7D-7ED5-4EC2-B0F5-296B4E48AFA2}.Debug|Any CPU.Build.0 = Debug|Any CPU
		{98FB1E7D-7ED5-4EC2-B0F5-296B4E48AFA2}.Release|Any CPU.ActiveCfg = Release|Any CPU
		{98FB1E7D-7ED5-4EC2-B0F5-296B4E48AFA2}.Release|Any CPU.Build.0 = Release|Any CPU
		{2935005D-26D1-4B0C-B74A-9BFFCB3BFA46}.Debug|Any CPU.ActiveCfg = Debug|Any CPU
		{2935005D-26D1-4B0C-B74A-9BFFCB3BFA46}.Debug|Any CPU.Build.0 = Debug|Any CPU
		{2935005D-26D1-4B0C-B74A-9BFFCB3BFA46}.Release|Any CPU.ActiveCfg = Release|Any CPU
		{2935005D-26D1-4B0C-B74A-9BFFCB3BFA46}.Release|Any CPU.Build.0 = Release|Any CPU
	EndGlobalSection
	GlobalSection(SolutionProperties) = preSolution
		HideSolutionNode = FALSE
	EndGlobalSection
EndGlobal
