
Microsoft Visual Studio Solution File, Format Version 12.00
# Visual Studio Version 16
VisualStudioVersion = 16.0.28922.388
MinimumVisualStudioVersion = 10.0.40219.1
Project("{FAE04EC0-301F-11D3-BF4B-00C04F79EFBC}") = "TheHeadFirstCSharp\Chapter_4\SloppyJoe", "SloppyJoe\SloppyJoe.csproj", "{76FF4063-FF74-4312-87D7-9D4C59E68263}"
EndProject
Global
	GlobalSection(SolutionConfigurationPlatforms) = preSolution
		Debug|Any CPU = Debug|Any CPU
		Release|Any CPU = Release|Any CPU
	EndGlobalSection
	GlobalSection(ProjectConfigurationPlatforms) = postSolution
		{76FF4063-FF74-4312-87D7-9D4C59E68263}.Debug|Any CPU.ActiveCfg = Debug|Any CPU
		{76FF4063-FF74-4312-87D7-9D4C59E68263}.Debug|Any CPU.Build.0 = Debug|Any CPU
		{76FF4063-FF74-4312-87D7-9D4C59E68263}.Release|Any CPU.ActiveCfg = Release|Any CPU
		{76FF4063-FF74-4312-87D7-9D4C59E68263}.Release|Any CPU.Build.0 = Release|Any CPU
	EndGlobalSection
	GlobalSection(SolutionProperties) = preSolution
		HideSolutionNode = FALSE
	EndGlobalSection
	GlobalSection(ExtensibilityGlobals) = postSolution
		SolutionGuid = {4ACE5695-E42A-406B-A8CD-427F3E844F26}
	EndGlobalSection
EndGlobal
