
Microsoft Visual Studio Solution File, Format Version 12.00
# Visual Studio Version 16
VisualStudioVersion = 16.0.29519.87
MinimumVisualStudioVersion = 10.0.40219.1
Project("{FAE04EC0-301F-11D3-BF4B-00C04F79EFBC}") = "EntityAssociation", "EntityAssociation\EntityAssociation.csproj", "{2F900751-4606-455C-9355-486F1F6435FE}"
EndProject
Project("{FAE04EC0-301F-11D3-BF4B-00C04F79EFBC}") = "QueryData", "QueryData\QueryData.csproj", "{69DBFA89-9FCE-479E-BEE3-6A20749BBD2A}"
EndProject
Global
	GlobalSection(SolutionConfigurationPlatforms) = preSolution
		Debug|Any CPU = Debug|Any CPU
		Release|Any CPU = Release|Any CPU
	EndGlobalSection
	GlobalSection(ProjectConfigurationPlatforms) = postSolution
		{2F900751-4606-455C-9355-486F1F6435FE}.Debug|Any CPU.ActiveCfg = Debug|Any CPU
		{2F900751-4606-455C-9355-486F1F6435FE}.Debug|Any CPU.Build.0 = Debug|Any CPU
		{2F900751-4606-455C-9355-486F1F6435FE}.Release|Any CPU.ActiveCfg = Release|Any CPU
		{2F900751-4606-455C-9355-486F1F6435FE}.Release|Any CPU.Build.0 = Release|Any CPU
		{69DBFA89-9FCE-479E-BEE3-6A20749BBD2A}.Debug|Any CPU.ActiveCfg = Debug|Any CPU
		{69DBFA89-9FCE-479E-BEE3-6A20749BBD2A}.Debug|Any CPU.Build.0 = Debug|Any CPU
		{69DBFA89-9FCE-479E-BEE3-6A20749BBD2A}.Release|Any CPU.ActiveCfg = Release|Any CPU
		{69DBFA89-9FCE-479E-BEE3-6A20749BBD2A}.Release|Any CPU.Build.0 = Release|Any CPU
	EndGlobalSection
	GlobalSection(SolutionProperties) = preSolution
		HideSolutionNode = FALSE
	EndGlobalSection
	GlobalSection(ExtensibilityGlobals) = postSolution
		SolutionGuid = {2F4B388B-331D-403F-BE20-E7CEABF4F366}
	EndGlobalSection
EndGlobal
