
Microsoft Visual Studio Solution File, Format Version 12.00
# Visual Studio Version 16
VisualStudioVersion = 16.0.29025.244
MinimumVisualStudioVersion = 10.0.40219.1
Project("{FAE04EC0-301F-11D3-BF4B-00C04F79EFBC}") = "BlankSolution", "BlankSolution\BlankSolution.csproj", "{E1D866F7-CD5F-4E94-8711-FDCE26FC6462}"
EndProject
Global
	GlobalSection(SolutionConfigurationPlatforms) = preSolution
		Debug|Any CPU = Debug|Any CPU
		Release|Any CPU = Release|Any CPU
	EndGlobalSection
	GlobalSection(ProjectConfigurationPlatforms) = postSolution
		{E1D866F7-CD5F-4E94-8711-FDCE26FC6462}.Debug|Any CPU.ActiveCfg = Debug|Any CPU
		{E1D866F7-CD5F-4E94-8711-FDCE26FC6462}.Debug|Any CPU.Build.0 = Debug|Any CPU
		{E1D866F7-CD5F-4E94-8711-FDCE26FC6462}.Release|Any CPU.ActiveCfg = Release|Any CPU
		{E1D866F7-CD5F-4E94-8711-FDCE26FC6462}.Release|Any CPU.Build.0 = Release|Any CPU
	EndGlobalSection
	GlobalSection(SolutionProperties) = preSolution
		HideSolutionNode = FALSE
	EndGlobalSection
	GlobalSection(ExtensibilityGlobals) = postSolution
		SolutionGuid = {5E532968-63E8-4DD1-AF82-A7CE04452915}
	EndGlobalSection
EndGlobal
