
Microsoft Visual Studio Solution File, Format Version 11.00
# Visual Studio 2010
Project("{FAE04EC0-301F-11D3-BF4B-00C04F79EFBC}") = "DynamicComposeUIInWPF", "DynamicComposeUIInWPF\DynamicComposeUIInWPF.csproj", "{15B92CA3-031E-4160-9F79-7CDBED937D53}"
EndProject
Project("{FAE04EC0-301F-11D3-BF4B-00C04F79EFBC}") = "MyWPFUIPart", "MyWPFUIPart\MyWPFUIPart.csproj", "{CD10C359-EF7D-4D58-9831-3EF57B7A809A}"
EndProject
Global
	GlobalSection(SolutionConfigurationPlatforms) = preSolution
		Debug|Any CPU = Debug|Any CPU
		Debug|Mixed Platforms = Debug|Mixed Platforms
		Debug|x86 = Debug|x86
		Release|Any CPU = Release|Any CPU
		Release|Mixed Platforms = Release|Mixed Platforms
		Release|x86 = Release|x86
	EndGlobalSection
	GlobalSection(ProjectConfigurationPlatforms) = postSolution
		{15B92CA3-031E-4160-9F79-7CDBED937D53}.Debug|Any CPU.ActiveCfg = Debug|x86
		{15B92CA3-031E-4160-9F79-7CDBED937D53}.Debug|Mixed Platforms.ActiveCfg = Debug|x86
		{15B92CA3-031E-4160-9F79-7CDBED937D53}.Debug|Mixed Platforms.Build.0 = Debug|x86
		{15B92CA3-031E-4160-9F79-7CDBED937D53}.Debug|x86.ActiveCfg = Debug|x86
		{15B92CA3-031E-4160-9F79-7CDBED937D53}.Debug|x86.Build.0 = Debug|x86
		{15B92CA3-031E-4160-9F79-7CDBED937D53}.Release|Any CPU.ActiveCfg = Release|x86
		{15B92CA3-031E-4160-9F79-7CDBED937D53}.Release|Mixed Platforms.ActiveCfg = Release|x86
		{15B92CA3-031E-4160-9F79-7CDBED937D53}.Release|Mixed Platforms.Build.0 = Release|x86
		{15B92CA3-031E-4160-9F79-7CDBED937D53}.Release|x86.ActiveCfg = Release|x86
		{15B92CA3-031E-4160-9F79-7CDBED937D53}.Release|x86.Build.0 = Release|x86
		{CD10C359-EF7D-4D58-9831-3EF57B7A809A}.Debug|Any CPU.ActiveCfg = Debug|Any CPU
		{CD10C359-EF7D-4D58-9831-3EF57B7A809A}.Debug|Any CPU.Build.0 = Debug|Any CPU
		{CD10C359-EF7D-4D58-9831-3EF57B7A809A}.Debug|Mixed Platforms.ActiveCfg = Debug|Any CPU
		{CD10C359-EF7D-4D58-9831-3EF57B7A809A}.Debug|Mixed Platforms.Build.0 = Debug|Any CPU
		{CD10C359-EF7D-4D58-9831-3EF57B7A809A}.Debug|x86.ActiveCfg = Debug|Any CPU
		{CD10C359-EF7D-4D58-9831-3EF57B7A809A}.Release|Any CPU.ActiveCfg = Release|Any CPU
		{CD10C359-EF7D-4D58-9831-3EF57B7A809A}.Release|Any CPU.Build.0 = Release|Any CPU
		{CD10C359-EF7D-4D58-9831-3EF57B7A809A}.Release|Mixed Platforms.ActiveCfg = Release|Any CPU
		{CD10C359-EF7D-4D58-9831-3EF57B7A809A}.Release|Mixed Platforms.Build.0 = Release|Any CPU
		{CD10C359-EF7D-4D58-9831-3EF57B7A809A}.Release|x86.ActiveCfg = Release|Any CPU
	EndGlobalSection
	GlobalSection(SolutionProperties) = preSolution
		HideSolutionNode = FALSE
	EndGlobalSection
EndGlobal
