
Microsoft Visual Studio Solution File, Format Version 11.00
# Visual Studio 2010
Project("{FAE04EC0-301F-11D3-BF4B-00C04F79EFBC}") = "NonCompileSystemUpdateUseMEF", "NonCompileSystemUpdateUseMEF\NonCompileSystemUpdateUseMEF.csproj", "{1A20226F-3A4F-42F7-98B6-CFD6EB043AB0}"
EndProject
Project("{FAE04EC0-301F-11D3-BF4B-00C04F79EFBC}") = "InterfaceLibrary", "InterfaceLibrary\InterfaceLibrary.csproj", "{E5C438C1-FA3F-49D6-814E-CF31122A037D}"
EndProject
Project("{FAE04EC0-301F-11D3-BF4B-00C04F79EFBC}") = "SystemComponent1", "SystemComponent1\SystemComponent1.csproj", "{C563EF1D-35AF-4E27-9914-9FDC241B017D}"
EndProject
Project("{FAE04EC0-301F-11D3-BF4B-00C04F79EFBC}") = "SystemComponent2", "SystemComponent2\SystemComponent2.csproj", "{5A10EEDA-9BB0-4BE5-A995-1AF631A3F929}"
EndProject
Global
	GlobalSection(SolutionConfigurationPlatforms) = preSolution
		Debug|Any CPU = Debug|Any CPU
		Debug|Mixed Platforms = Debug|Mixed Platforms
		Debug|x86 = Debug|x86
		Release|Any CPU = Release|Any CPU
		Release|Mixed Platforms = Release|Mixed Platforms
		Release|x86 = Release|x86
	EndGlobalSection
	GlobalSection(ProjectConfigurationPlatforms) = postSolution
		{1A20226F-3A4F-42F7-98B6-CFD6EB043AB0}.Debug|Any CPU.ActiveCfg = Debug|x86
		{1A20226F-3A4F-42F7-98B6-CFD6EB043AB0}.Debug|Mixed Platforms.ActiveCfg = Debug|x86
		{1A20226F-3A4F-42F7-98B6-CFD6EB043AB0}.Debug|Mixed Platforms.Build.0 = Debug|x86
		{1A20226F-3A4F-42F7-98B6-CFD6EB043AB0}.Debug|x86.ActiveCfg = Debug|x86
		{1A20226F-3A4F-42F7-98B6-CFD6EB043AB0}.Debug|x86.Build.0 = Debug|x86
		{1A20226F-3A4F-42F7-98B6-CFD6EB043AB0}.Release|Any CPU.ActiveCfg = Release|x86
		{1A20226F-3A4F-42F7-98B6-CFD6EB043AB0}.Release|Mixed Platforms.ActiveCfg = Release|x86
		{1A20226F-3A4F-42F7-98B6-CFD6EB043AB0}.Release|Mixed Platforms.Build.0 = Release|x86
		{1A20226F-3A4F-42F7-98B6-CFD6EB043AB0}.Release|x86.ActiveCfg = Release|x86
		{1A20226F-3A4F-42F7-98B6-CFD6EB043AB0}.Release|x86.Build.0 = Release|x86
		{E5C438C1-FA3F-49D6-814E-CF31122A037D}.Debug|Any CPU.ActiveCfg = Debug|Any CPU
		{E5C438C1-FA3F-49D6-814E-CF31122A037D}.Debug|Any CPU.Build.0 = Debug|Any CPU
		{E5C438C1-FA3F-49D6-814E-CF31122A037D}.Debug|Mixed Platforms.ActiveCfg = Debug|Any CPU
		{E5C438C1-FA3F-49D6-814E-CF31122A037D}.Debug|Mixed Platforms.Build.0 = Debug|Any CPU
		{E5C438C1-FA3F-49D6-814E-CF31122A037D}.Debug|x86.ActiveCfg = Debug|Any CPU
		{E5C438C1-FA3F-49D6-814E-CF31122A037D}.Release|Any CPU.ActiveCfg = Release|Any CPU
		{E5C438C1-FA3F-49D6-814E-CF31122A037D}.Release|Any CPU.Build.0 = Release|Any CPU
		{E5C438C1-FA3F-49D6-814E-CF31122A037D}.Release|Mixed Platforms.ActiveCfg = Release|Any CPU
		{E5C438C1-FA3F-49D6-814E-CF31122A037D}.Release|Mixed Platforms.Build.0 = Release|Any CPU
		{E5C438C1-FA3F-49D6-814E-CF31122A037D}.Release|x86.ActiveCfg = Release|Any CPU
		{C563EF1D-35AF-4E27-9914-9FDC241B017D}.Debug|Any CPU.ActiveCfg = Debug|Any CPU
		{C563EF1D-35AF-4E27-9914-9FDC241B017D}.Debug|Any CPU.Build.0 = Debug|Any CPU
		{C563EF1D-35AF-4E27-9914-9FDC241B017D}.Debug|Mixed Platforms.ActiveCfg = Debug|Any CPU
		{C563EF1D-35AF-4E27-9914-9FDC241B017D}.Debug|Mixed Platforms.Build.0 = Debug|Any CPU
		{C563EF1D-35AF-4E27-9914-9FDC241B017D}.Debug|x86.ActiveCfg = Debug|Any CPU
		{C563EF1D-35AF-4E27-9914-9FDC241B017D}.Release|Any CPU.ActiveCfg = Release|Any CPU
		{C563EF1D-35AF-4E27-9914-9FDC241B017D}.Release|Any CPU.Build.0 = Release|Any CPU
		{C563EF1D-35AF-4E27-9914-9FDC241B017D}.Release|Mixed Platforms.ActiveCfg = Release|Any CPU
		{C563EF1D-35AF-4E27-9914-9FDC241B017D}.Release|Mixed Platforms.Build.0 = Release|Any CPU
		{C563EF1D-35AF-4E27-9914-9FDC241B017D}.Release|x86.ActiveCfg = Release|Any CPU
		{5A10EEDA-9BB0-4BE5-A995-1AF631A3F929}.Debug|Any CPU.ActiveCfg = Debug|Any CPU
		{5A10EEDA-9BB0-4BE5-A995-1AF631A3F929}.Debug|Any CPU.Build.0 = Debug|Any CPU
		{5A10EEDA-9BB0-4BE5-A995-1AF631A3F929}.Debug|Mixed Platforms.ActiveCfg = Debug|Any CPU
		{5A10EEDA-9BB0-4BE5-A995-1AF631A3F929}.Debug|Mixed Platforms.Build.0 = Debug|Any CPU
		{5A10EEDA-9BB0-4BE5-A995-1AF631A3F929}.Debug|x86.ActiveCfg = Debug|Any CPU
		{5A10EEDA-9BB0-4BE5-A995-1AF631A3F929}.Release|Any CPU.ActiveCfg = Release|Any CPU
		{5A10EEDA-9BB0-4BE5-A995-1AF631A3F929}.Release|Any CPU.Build.0 = Release|Any CPU
		{5A10EEDA-9BB0-4BE5-A995-1AF631A3F929}.Release|Mixed Platforms.ActiveCfg = Release|Any CPU
		{5A10EEDA-9BB0-4BE5-A995-1AF631A3F929}.Release|Mixed Platforms.Build.0 = Release|Any CPU
		{5A10EEDA-9BB0-4BE5-A995-1AF631A3F929}.Release|x86.ActiveCfg = Release|Any CPU
	EndGlobalSection
	GlobalSection(SolutionProperties) = preSolution
		HideSolutionNode = FALSE
	EndGlobalSection
EndGlobal
