
Microsoft Visual Studio Solution File, Format Version 12.00
# Visual Studio Version 16
VisualStudioVersion = 16.0.28922.388
MinimumVisualStudioVersion = 10.0.40219.1
Project("{FAE04EC0-301F-11D3-BF4B-00C04F79EFBC}") = "TheHeadFirstCSharp\Chapter_4\Swap", "Swap\Swap.csproj", "{261F5450-EB3E-4017-8437-4B5433B73786}"
EndProject
Global
	GlobalSection(SolutionConfigurationPlatforms) = preSolution
		Debug|Any CPU = Debug|Any CPU
		Release|Any CPU = Release|Any CPU
	EndGlobalSection
	GlobalSection(ProjectConfigurationPlatforms) = postSolution
		{261F5450-EB3E-4017-8437-4B5433B73786}.Debug|Any CPU.ActiveCfg = Debug|Any CPU
		{261F5450-EB3E-4017-8437-4B5433B73786}.Debug|Any CPU.Build.0 = Debug|Any CPU
		{261F5450-EB3E-4017-8437-4B5433B73786}.Release|Any CPU.ActiveCfg = Release|Any CPU
		{261F5450-EB3E-4017-8437-4B5433B73786}.Release|Any CPU.Build.0 = Release|Any CPU
	EndGlobalSection
	GlobalSection(SolutionProperties) = preSolution
		HideSolutionNode = FALSE
	EndGlobalSection
	GlobalSection(ExtensibilityGlobals) = postSolution
		SolutionGuid = {44BC78B7-CA4E-4E5C-ABA3-CB9996B2388B}
	EndGlobalSection
EndGlobal
