
Microsoft Visual Studio Solution File, Format Version 12.00
# Visual Studio Version 16
VisualStudioVersion = 16.0.28803.202
MinimumVisualStudioVersion = 10.0.40219.1
Project("{FAE04EC0-301F-11D3-BF4B-00C04F79EFBC}") = "MaterialDesign", "MaterialDesign\MaterialDesign.csproj", "{20D54F84-EF05-4204-ACCE-BB8591888EE0}"
EndProject
Global
	GlobalSection(SolutionConfigurationPlatforms) = preSolution
		Debug|Any CPU = Debug|Any CPU
		Release|Any CPU = Release|Any CPU
	EndGlobalSection
	GlobalSection(ProjectConfigurationPlatforms) = postSolution
		{20D54F84-EF05-4204-ACCE-BB8591888EE0}.Debug|Any CPU.ActiveCfg = Debug|Any CPU
		{20D54F84-EF05-4204-ACCE-BB8591888EE0}.Debug|Any CPU.Build.0 = Debug|Any CPU
		{20D54F84-EF05-4204-ACCE-BB8591888EE0}.Release|Any CPU.ActiveCfg = Release|Any CPU
		{20D54F84-EF05-4204-ACCE-BB8591888EE0}.Release|Any CPU.Build.0 = Release|Any CPU
	EndGlobalSection
	GlobalSection(SolutionProperties) = preSolution
		HideSolutionNode = FALSE
	EndGlobalSection
	GlobalSection(ExtensibilityGlobals) = postSolution
		SolutionGuid = {8C30BF89-AEAD-4418-A312-8D6F07D50F68}
	EndGlobalSection
EndGlobal
