
Microsoft Visual Studio Solution File, Format Version 11.00
# Visual Studio 2010
Project("{FAE04EC0-301F-11D3-BF4B-00C04F79EFBC}") = "ParallelLoopCancel", "ParallelLoopCancel\ParallelLoopCancel.csproj", "{BB6A8D71-317B-423B-876F-BD9C08EF65FE}"
EndProject
Global
	GlobalSection(SolutionConfigurationPlatforms) = preSolution
		Debug|x86 = Debug|x86
		Release|x86 = Release|x86
	EndGlobalSection
	GlobalSection(ProjectConfigurationPlatforms) = postSolution
		{BB6A8D71-317B-423B-876F-BD9C08EF65FE}.Debug|x86.ActiveCfg = Debug|x86
		{BB6A8D71-317B-423B-876F-BD9C08EF65FE}.Debug|x86.Build.0 = Debug|x86
		{BB6A8D71-317B-423B-876F-BD9C08EF65FE}.Release|x86.ActiveCfg = Release|x86
		{BB6A8D71-317B-423B-876F-BD9C08EF65FE}.Release|x86.Build.0 = Release|x86
	EndGlobalSection
	GlobalSection(SolutionProperties) = preSolution
		HideSolutionNode = FALSE
	EndGlobalSection
EndGlobal
