
Microsoft Visual Studio Solution File, Format Version 12.00
# Visual Studio Version 16
VisualStudioVersion = 16.0.28922.388
MinimumVisualStudioVersion = 10.0.40219.1
Project("{FAE04EC0-301F-11D3-BF4B-00C04F79EFBC}") = "TheHeadFirstCSharp\Chapter_4\MileageCalculator", "MileageCalculator\MileageCalculator.csproj", "{47C8F4B8-8173-48A0-BBF3-2C8BD6F59EE7}"
EndProject
Global
	GlobalSection(SolutionConfigurationPlatforms) = preSolution
		Debug|Any CPU = Debug|Any CPU
		Release|Any CPU = Release|Any CPU
	EndGlobalSection
	GlobalSection(ProjectConfigurationPlatforms) = postSolution
		{47C8F4B8-8173-48A0-BBF3-2C8BD6F59EE7}.Debug|Any CPU.ActiveCfg = Debug|Any CPU
		{47C8F4B8-8173-48A0-BBF3-2C8BD6F59EE7}.Debug|Any CPU.Build.0 = Debug|Any CPU
		{47C8F4B8-8173-48A0-BBF3-2C8BD6F59EE7}.Release|Any CPU.ActiveCfg = Release|Any CPU
		{47C8F4B8-8173-48A0-BBF3-2C8BD6F59EE7}.Release|Any CPU.Build.0 = Release|Any CPU
	EndGlobalSection
	GlobalSection(SolutionProperties) = preSolution
		HideSolutionNode = FALSE
	EndGlobalSection
	GlobalSection(ExtensibilityGlobals) = postSolution
		SolutionGuid = {CFA4D94D-E850-4C5F-A483-0B2644A0871E}
	EndGlobalSection
EndGlobal
