
Microsoft Visual Studio Solution File, Format Version 12.00
# Visual Studio 2013
VisualStudioVersion = 12.0.31101.0
MinimumVisualStudioVersion = 10.0.40219.1
Project("{FAE04EC0-301F-11D3-BF4B-00C04F79EFBC}") = "1 WhatIsThread", "WhatIsThread\1 WhatIsThread.csproj", "{C1CEDA56-887D-4746-B1DC-62EED99E7FED}"
EndProject
Project("{FAE04EC0-301F-11D3-BF4B-00C04F79EFBC}") = "2 ThreadCreate", "ThreadCreate\2 ThreadCreate.csproj", "{1D9181D6-1968-429E-BA18-13E9D41FE86F}"
EndProject
Project("{FAE04EC0-301F-11D3-BF4B-00C04F79EFBC}") = "3 ThreadSleep", "ThreadSleep\3 ThreadSleep.csproj", "{A60C5EC2-D024-42C3-A8B8-879E455F0BC5}"
EndProject
Project("{FAE04EC0-301F-11D3-BF4B-00C04F79EFBC}") = "4 ThreadAbort", "ThreadAbort\4 ThreadAbort.csproj", "{F54E76E7-23DC-4443-BC85-D6B582F6FFD0}"
EndProject
Project("{FAE04EC0-301F-11D3-BF4B-00C04F79EFBC}") = "5 ThreadJoin", "ThreadJoin\5 ThreadJoin.csproj", "{A0800FFC-6572-46A0-8D82-B1BAC0E83B3B}"
EndProject
Project("{FAE04EC0-301F-11D3-BF4B-00C04F79EFBC}") = "6 ThreadState", "ThreadState\6 ThreadState.csproj", "{561D993C-0E4B-4467-A42D-4962AE84EC1C}"
EndProject
Project("{2150E333-8FDC-42A3-9474-1A3956D46DE8}") = "1 ThreadBasic", "1 ThreadBasic", "{ECF95E90-6012-4B2A-9CAD-0868C3E37F55}"
EndProject
Project("{2150E333-8FDC-42A3-9474-1A3956D46DE8}") = "2 CodeForThread", "2 CodeForThread", "{FDD9AF4A-F0C4-4504-8DB7-05443894529B}"
EndProject
Project("{FAE04EC0-301F-11D3-BF4B-00C04F79EFBC}") = "2 UseArray", "UseArray\2 UseArray.csproj", "{41A82B77-E871-41F4-A47F-FD348D387C87}"
EndProject
Project("{FAE04EC0-301F-11D3-BF4B-00C04F79EFBC}") = "SortArray", "SortArray\SortArray.csproj", "{7634657A-68CC-478E-B9F2-BFC931644D5C}"
EndProject
Project("{FAE04EC0-301F-11D3-BF4B-00C04F79EFBC}") = "1 InvokeMethodDemo", "InvokeMethodDemo\1 InvokeMethodDemo.csproj", "{A409FAAE-9700-4E3F-9D13-5916C6ACA0BE}"
EndProject
Global
	GlobalSection(SolutionConfigurationPlatforms) = preSolution
		Debug|Any CPU = Debug|Any CPU
		Debug|Mixed Platforms = Debug|Mixed Platforms
		Debug|x86 = Debug|x86
		Release|Any CPU = Release|Any CPU
		Release|Mixed Platforms = Release|Mixed Platforms
		Release|x86 = Release|x86
	EndGlobalSection
	GlobalSection(ProjectConfigurationPlatforms) = postSolution
		{C1CEDA56-887D-4746-B1DC-62EED99E7FED}.Debug|Any CPU.ActiveCfg = Debug|Any CPU
		{C1CEDA56-887D-4746-B1DC-62EED99E7FED}.Debug|Any CPU.Build.0 = Debug|Any CPU
		{C1CEDA56-887D-4746-B1DC-62EED99E7FED}.Debug|Mixed Platforms.ActiveCfg = Debug|Any CPU
		{C1CEDA56-887D-4746-B1DC-62EED99E7FED}.Debug|Mixed Platforms.Build.0 = Debug|Any CPU
		{C1CEDA56-887D-4746-B1DC-62EED99E7FED}.Debug|x86.ActiveCfg = Debug|Any CPU
		{C1CEDA56-887D-4746-B1DC-62EED99E7FED}.Release|Any CPU.ActiveCfg = Release|Any CPU
		{C1CEDA56-887D-4746-B1DC-62EED99E7FED}.Release|Any CPU.Build.0 = Release|Any CPU
		{C1CEDA56-887D-4746-B1DC-62EED99E7FED}.Release|Mixed Platforms.ActiveCfg = Release|Any CPU
		{C1CEDA56-887D-4746-B1DC-62EED99E7FED}.Release|Mixed Platforms.Build.0 = Release|Any CPU
		{C1CEDA56-887D-4746-B1DC-62EED99E7FED}.Release|x86.ActiveCfg = Release|Any CPU
		{1D9181D6-1968-429E-BA18-13E9D41FE86F}.Debug|Any CPU.ActiveCfg = Debug|Any CPU
		{1D9181D6-1968-429E-BA18-13E9D41FE86F}.Debug|Any CPU.Build.0 = Debug|Any CPU
		{1D9181D6-1968-429E-BA18-13E9D41FE86F}.Debug|Mixed Platforms.ActiveCfg = Debug|Any CPU
		{1D9181D6-1968-429E-BA18-13E9D41FE86F}.Debug|Mixed Platforms.Build.0 = Debug|Any CPU
		{1D9181D6-1968-429E-BA18-13E9D41FE86F}.Debug|x86.ActiveCfg = Debug|Any CPU
		{1D9181D6-1968-429E-BA18-13E9D41FE86F}.Release|Any CPU.ActiveCfg = Release|Any CPU
		{1D9181D6-1968-429E-BA18-13E9D41FE86F}.Release|Any CPU.Build.0 = Release|Any CPU
		{1D9181D6-1968-429E-BA18-13E9D41FE86F}.Release|Mixed Platforms.ActiveCfg = Release|Any CPU
		{1D9181D6-1968-429E-BA18-13E9D41FE86F}.Release|Mixed Platforms.Build.0 = Release|Any CPU
		{1D9181D6-1968-429E-BA18-13E9D41FE86F}.Release|x86.ActiveCfg = Release|Any CPU
		{A60C5EC2-D024-42C3-A8B8-879E455F0BC5}.Debug|Any CPU.ActiveCfg = Debug|Any CPU
		{A60C5EC2-D024-42C3-A8B8-879E455F0BC5}.Debug|Any CPU.Build.0 = Debug|Any CPU
		{A60C5EC2-D024-42C3-A8B8-879E455F0BC5}.Debug|Mixed Platforms.ActiveCfg = Debug|Any CPU
		{A60C5EC2-D024-42C3-A8B8-879E455F0BC5}.Debug|Mixed Platforms.Build.0 = Debug|Any CPU
		{A60C5EC2-D024-42C3-A8B8-879E455F0BC5}.Debug|x86.ActiveCfg = Debug|Any CPU
		{A60C5EC2-D024-42C3-A8B8-879E455F0BC5}.Release|Any CPU.ActiveCfg = Release|Any CPU
		{A60C5EC2-D024-42C3-A8B8-879E455F0BC5}.Release|Any CPU.Build.0 = Release|Any CPU
		{A60C5EC2-D024-42C3-A8B8-879E455F0BC5}.Release|Mixed Platforms.ActiveCfg = Release|Any CPU
		{A60C5EC2-D024-42C3-A8B8-879E455F0BC5}.Release|Mixed Platforms.Build.0 = Release|Any CPU
		{A60C5EC2-D024-42C3-A8B8-879E455F0BC5}.Release|x86.ActiveCfg = Release|Any CPU
		{F54E76E7-23DC-4443-BC85-D6B582F6FFD0}.Debug|Any CPU.ActiveCfg = Debug|Any CPU
		{F54E76E7-23DC-4443-BC85-D6B582F6FFD0}.Debug|Any CPU.Build.0 = Debug|Any CPU
		{F54E76E7-23DC-4443-BC85-D6B582F6FFD0}.Debug|Mixed Platforms.ActiveCfg = Debug|Any CPU
		{F54E76E7-23DC-4443-BC85-D6B582F6FFD0}.Debug|Mixed Platforms.Build.0 = Debug|Any CPU
		{F54E76E7-23DC-4443-BC85-D6B582F6FFD0}.Debug|x86.ActiveCfg = Debug|Any CPU
		{F54E76E7-23DC-4443-BC85-D6B582F6FFD0}.Release|Any CPU.ActiveCfg = Release|Any CPU
		{F54E76E7-23DC-4443-BC85-D6B582F6FFD0}.Release|Any CPU.Build.0 = Release|Any CPU
		{F54E76E7-23DC-4443-BC85-D6B582F6FFD0}.Release|Mixed Platforms.ActiveCfg = Release|Any CPU
		{F54E76E7-23DC-4443-BC85-D6B582F6FFD0}.Release|Mixed Platforms.Build.0 = Release|Any CPU
		{F54E76E7-23DC-4443-BC85-D6B582F6FFD0}.Release|x86.ActiveCfg = Release|Any CPU
		{A0800FFC-6572-46A0-8D82-B1BAC0E83B3B}.Debug|Any CPU.ActiveCfg = Debug|Any CPU
		{A0800FFC-6572-46A0-8D82-B1BAC0E83B3B}.Debug|Any CPU.Build.0 = Debug|Any CPU
		{A0800FFC-6572-46A0-8D82-B1BAC0E83B3B}.Debug|Mixed Platforms.ActiveCfg = Debug|Any CPU
		{A0800FFC-6572-46A0-8D82-B1BAC0E83B3B}.Debug|Mixed Platforms.Build.0 = Debug|Any CPU
		{A0800FFC-6572-46A0-8D82-B1BAC0E83B3B}.Debug|x86.ActiveCfg = Debug|Any CPU
		{A0800FFC-6572-46A0-8D82-B1BAC0E83B3B}.Release|Any CPU.ActiveCfg = Release|Any CPU
		{A0800FFC-6572-46A0-8D82-B1BAC0E83B3B}.Release|Any CPU.Build.0 = Release|Any CPU
		{A0800FFC-6572-46A0-8D82-B1BAC0E83B3B}.Release|Mixed Platforms.ActiveCfg = Release|Any CPU
		{A0800FFC-6572-46A0-8D82-B1BAC0E83B3B}.Release|Mixed Platforms.Build.0 = Release|Any CPU
		{A0800FFC-6572-46A0-8D82-B1BAC0E83B3B}.Release|x86.ActiveCfg = Release|Any CPU
		{561D993C-0E4B-4467-A42D-4962AE84EC1C}.Debug|Any CPU.ActiveCfg = Debug|Any CPU
		{561D993C-0E4B-4467-A42D-4962AE84EC1C}.Debug|Any CPU.Build.0 = Debug|Any CPU
		{561D993C-0E4B-4467-A42D-4962AE84EC1C}.Debug|Mixed Platforms.ActiveCfg = Debug|Any CPU
		{561D993C-0E4B-4467-A42D-4962AE84EC1C}.Debug|Mixed Platforms.Build.0 = Debug|Any CPU
		{561D993C-0E4B-4467-A42D-4962AE84EC1C}.Debug|x86.ActiveCfg = Debug|Any CPU
		{561D993C-0E4B-4467-A42D-4962AE84EC1C}.Release|Any CPU.ActiveCfg = Release|Any CPU
		{561D993C-0E4B-4467-A42D-4962AE84EC1C}.Release|Any CPU.Build.0 = Release|Any CPU
		{561D993C-0E4B-4467-A42D-4962AE84EC1C}.Release|Mixed Platforms.ActiveCfg = Release|Any CPU
		{561D993C-0E4B-4467-A42D-4962AE84EC1C}.Release|Mixed Platforms.Build.0 = Release|Any CPU
		{561D993C-0E4B-4467-A42D-4962AE84EC1C}.Release|x86.ActiveCfg = Release|Any CPU
		{41A82B77-E871-41F4-A47F-FD348D387C87}.Debug|Any CPU.ActiveCfg = Debug|Any CPU
		{41A82B77-E871-41F4-A47F-FD348D387C87}.Debug|Any CPU.Build.0 = Debug|Any CPU
		{41A82B77-E871-41F4-A47F-FD348D387C87}.Debug|Mixed Platforms.ActiveCfg = Debug|Any CPU
		{41A82B77-E871-41F4-A47F-FD348D387C87}.Debug|Mixed Platforms.Build.0 = Debug|Any CPU
		{41A82B77-E871-41F4-A47F-FD348D387C87}.Debug|x86.ActiveCfg = Debug|Any CPU
		{41A82B77-E871-41F4-A47F-FD348D387C87}.Release|Any CPU.ActiveCfg = Release|Any CPU
		{41A82B77-E871-41F4-A47F-FD348D387C87}.Release|Any CPU.Build.0 = Release|Any CPU
		{41A82B77-E871-41F4-A47F-FD348D387C87}.Release|Mixed Platforms.ActiveCfg = Release|Any CPU
		{41A82B77-E871-41F4-A47F-FD348D387C87}.Release|Mixed Platforms.Build.0 = Release|Any CPU
		{41A82B77-E871-41F4-A47F-FD348D387C87}.Release|x86.ActiveCfg = Release|Any CPU
		{7634657A-68CC-478E-B9F2-BFC931644D5C}.Debug|Any CPU.ActiveCfg = Debug|Any CPU
		{7634657A-68CC-478E-B9F2-BFC931644D5C}.Debug|Any CPU.Build.0 = Debug|Any CPU
		{7634657A-68CC-478E-B9F2-BFC931644D5C}.Debug|Mixed Platforms.ActiveCfg = Debug|Any CPU
		{7634657A-68CC-478E-B9F2-BFC931644D5C}.Debug|Mixed Platforms.Build.0 = Debug|Any CPU
		{7634657A-68CC-478E-B9F2-BFC931644D5C}.Debug|x86.ActiveCfg = Debug|Any CPU
		{7634657A-68CC-478E-B9F2-BFC931644D5C}.Release|Any CPU.ActiveCfg = Release|Any CPU
		{7634657A-68CC-478E-B9F2-BFC931644D5C}.Release|Any CPU.Build.0 = Release|Any CPU
		{7634657A-68CC-478E-B9F2-BFC931644D5C}.Release|Mixed Platforms.ActiveCfg = Release|Any CPU
		{7634657A-68CC-478E-B9F2-BFC931644D5C}.Release|Mixed Platforms.Build.0 = Release|Any CPU
		{7634657A-68CC-478E-B9F2-BFC931644D5C}.Release|x86.ActiveCfg = Release|Any CPU
		{A409FAAE-9700-4E3F-9D13-5916C6ACA0BE}.Debug|Any CPU.ActiveCfg = Debug|Any CPU
		{A409FAAE-9700-4E3F-9D13-5916C6ACA0BE}.Debug|Any CPU.Build.0 = Debug|Any CPU
		{A409FAAE-9700-4E3F-9D13-5916C6ACA0BE}.Debug|Mixed Platforms.ActiveCfg = Debug|Any CPU
		{A409FAAE-9700-4E3F-9D13-5916C6ACA0BE}.Debug|Mixed Platforms.Build.0 = Debug|Any CPU
		{A409FAAE-9700-4E3F-9D13-5916C6ACA0BE}.Debug|x86.ActiveCfg = Debug|Any CPU
		{A409FAAE-9700-4E3F-9D13-5916C6ACA0BE}.Release|Any CPU.ActiveCfg = Release|Any CPU
		{A409FAAE-9700-4E3F-9D13-5916C6ACA0BE}.Release|Any CPU.Build.0 = Release|Any CPU
		{A409FAAE-9700-4E3F-9D13-5916C6ACA0BE}.Release|Mixed Platforms.ActiveCfg = Release|Any CPU
		{A409FAAE-9700-4E3F-9D13-5916C6ACA0BE}.Release|Mixed Platforms.Build.0 = Release|Any CPU
		{A409FAAE-9700-4E3F-9D13-5916C6ACA0BE}.Release|x86.ActiveCfg = Release|Any CPU
	EndGlobalSection
	GlobalSection(SolutionProperties) = preSolution
		HideSolutionNode = FALSE
	EndGlobalSection
	GlobalSection(NestedProjects) = preSolution
		{C1CEDA56-887D-4746-B1DC-62EED99E7FED} = {ECF95E90-6012-4B2A-9CAD-0868C3E37F55}
		{1D9181D6-1968-429E-BA18-13E9D41FE86F} = {ECF95E90-6012-4B2A-9CAD-0868C3E37F55}
		{A60C5EC2-D024-42C3-A8B8-879E455F0BC5} = {ECF95E90-6012-4B2A-9CAD-0868C3E37F55}
		{F54E76E7-23DC-4443-BC85-D6B582F6FFD0} = {ECF95E90-6012-4B2A-9CAD-0868C3E37F55}
		{A0800FFC-6572-46A0-8D82-B1BAC0E83B3B} = {ECF95E90-6012-4B2A-9CAD-0868C3E37F55}
		{561D993C-0E4B-4467-A42D-4962AE84EC1C} = {ECF95E90-6012-4B2A-9CAD-0868C3E37F55}
		{41A82B77-E871-41F4-A47F-FD348D387C87} = {FDD9AF4A-F0C4-4504-8DB7-05443894529B}
		{7634657A-68CC-478E-B9F2-BFC931644D5C} = {FDD9AF4A-F0C4-4504-8DB7-05443894529B}
		{A409FAAE-9700-4E3F-9D13-5916C6ACA0BE} = {FDD9AF4A-F0C4-4504-8DB7-05443894529B}
	EndGlobalSection
EndGlobal
