
Microsoft Visual Studio Solution File, Format Version 12.00
# Visual Studio Version 16
VisualStudioVersion = 16.0.29613.14
MinimumVisualStudioVersion = 10.0.40219.1
Project("{FAE04EC0-301F-11D3-BF4B-00C04F79EFBC}") = "SuperMarket", "SuperMarket\SuperMarket.csproj", "{D1F12076-1E20-41EF-95E8-11F90EDB2D3A}"
EndProject
Global
	GlobalSection(SolutionConfigurationPlatforms) = preSolution
		Debug|Any CPU = Debug|Any CPU
		Release|Any CPU = Release|Any CPU
	EndGlobalSection
	GlobalSection(ProjectConfigurationPlatforms) = postSolution
		{D1F12076-1E20-41EF-95E8-11F90EDB2D3A}.Debug|Any CPU.ActiveCfg = Debug|Any CPU
		{D1F12076-1E20-41EF-95E8-11F90EDB2D3A}.Debug|Any CPU.Build.0 = Debug|Any CPU
		{D1F12076-1E20-41EF-95E8-11F90EDB2D3A}.Release|Any CPU.ActiveCfg = Release|Any CPU
		{D1F12076-1E20-41EF-95E8-11F90EDB2D3A}.Release|Any CPU.Build.0 = Release|Any CPU
	EndGlobalSection
	GlobalSection(SolutionProperties) = preSolution
		HideSolutionNode = FALSE
	EndGlobalSection
	GlobalSection(ExtensibilityGlobals) = postSolution
		SolutionGuid = {33115B62-27E6-4984-A0FC-E8C0FC5B3F1B}
	EndGlobalSection
EndGlobal
