
Microsoft Visual Studio Solution File, Format Version 12.00
# Visual Studio Version 16
VisualStudioVersion = 16.0.29519.87
MinimumVisualStudioVersion = 10.0.40219.1
Project("{FAE04EC0-301F-11D3-BF4B-00C04F79EFBC}") = "1_TypicalDelegateExample", "TypicalDelegateExample\1_TypicalDelegateExample.csproj", "{ADCBF71B-9CAA-41FE-A744-BCF36427B9DC}"
EndProject
Project("{FAE04EC0-301F-11D3-BF4B-00C04F79EFBC}") = "2_AnonymousMethodToLambda", "AnonymousMethodToLambda\2_AnonymousMethodToLambda.csproj", "{02EEB9F1-58CE-4DAF-A6AD-CEE97B10F28A}"
EndProject
Project("{FAE04EC0-301F-11D3-BF4B-00C04F79EFBC}") = "3_GenericDelegateAndLambda", "GenericDelegateAndLambda\3_GenericDelegateAndLambda.csproj", "{5D3956E7-AC67-4CD3-973A-D1FE32D8F6E3}"
EndProject
Project("{FAE04EC0-301F-11D3-BF4B-00C04F79EFBC}") = "4_GenericDelegateInBaseClassLibrary", "GenericDelegateInBaseClassLibrary\4_GenericDelegateInBaseClassLibrary.csproj", "{78B30C2C-CCD1-4F70-86CE-A5C392E9BFEB}"
EndProject
Project("{FAE04EC0-301F-11D3-BF4B-00C04F79EFBC}") = "5_UseComparisonDelegate", "UseComparisonDelegate\5_UseComparisonDelegate.csproj", "{43C60E68-78A8-4BC5-A9B6-B1FA8CCE81E5}"
EndProject
Project("{FAE04EC0-301F-11D3-BF4B-00C04F79EFBC}") = "6_UsePredicateDelegate", "UsePredicateDelegate\6_UsePredicateDelegate.csproj", "{DE50A4B0-B3EB-4AC6-9EFF-BA21FCECF87D}"
EndProject
Global
	GlobalSection(SolutionConfigurationPlatforms) = preSolution
		Debug|Any CPU = Debug|Any CPU
		Release|Any CPU = Release|Any CPU
	EndGlobalSection
	GlobalSection(ProjectConfigurationPlatforms) = postSolution
		{ADCBF71B-9CAA-41FE-A744-BCF36427B9DC}.Debug|Any CPU.ActiveCfg = Debug|Any CPU
		{ADCBF71B-9CAA-41FE-A744-BCF36427B9DC}.Debug|Any CPU.Build.0 = Debug|Any CPU
		{ADCBF71B-9CAA-41FE-A744-BCF36427B9DC}.Release|Any CPU.ActiveCfg = Release|Any CPU
		{ADCBF71B-9CAA-41FE-A744-BCF36427B9DC}.Release|Any CPU.Build.0 = Release|Any CPU
		{02EEB9F1-58CE-4DAF-A6AD-CEE97B10F28A}.Debug|Any CPU.ActiveCfg = Debug|Any CPU
		{02EEB9F1-58CE-4DAF-A6AD-CEE97B10F28A}.Debug|Any CPU.Build.0 = Debug|Any CPU
		{02EEB9F1-58CE-4DAF-A6AD-CEE97B10F28A}.Release|Any CPU.ActiveCfg = Release|Any CPU
		{02EEB9F1-58CE-4DAF-A6AD-CEE97B10F28A}.Release|Any CPU.Build.0 = Release|Any CPU
		{5D3956E7-AC67-4CD3-973A-D1FE32D8F6E3}.Debug|Any CPU.ActiveCfg = Debug|Any CPU
		{5D3956E7-AC67-4CD3-973A-D1FE32D8F6E3}.Debug|Any CPU.Build.0 = Debug|Any CPU
		{5D3956E7-AC67-4CD3-973A-D1FE32D8F6E3}.Release|Any CPU.ActiveCfg = Release|Any CPU
		{5D3956E7-AC67-4CD3-973A-D1FE32D8F6E3}.Release|Any CPU.Build.0 = Release|Any CPU
		{78B30C2C-CCD1-4F70-86CE-A5C392E9BFEB}.Debug|Any CPU.ActiveCfg = Debug|Any CPU
		{78B30C2C-CCD1-4F70-86CE-A5C392E9BFEB}.Debug|Any CPU.Build.0 = Debug|Any CPU
		{78B30C2C-CCD1-4F70-86CE-A5C392E9BFEB}.Release|Any CPU.ActiveCfg = Release|Any CPU
		{78B30C2C-CCD1-4F70-86CE-A5C392E9BFEB}.Release|Any CPU.Build.0 = Release|Any CPU
		{43C60E68-78A8-4BC5-A9B6-B1FA8CCE81E5}.Debug|Any CPU.ActiveCfg = Debug|Any CPU
		{43C60E68-78A8-4BC5-A9B6-B1FA8CCE81E5}.Debug|Any CPU.Build.0 = Debug|Any CPU
		{43C60E68-78A8-4BC5-A9B6-B1FA8CCE81E5}.Release|Any CPU.ActiveCfg = Release|Any CPU
		{43C60E68-78A8-4BC5-A9B6-B1FA8CCE81E5}.Release|Any CPU.Build.0 = Release|Any CPU
		{DE50A4B0-B3EB-4AC6-9EFF-BA21FCECF87D}.Debug|Any CPU.ActiveCfg = Debug|Any CPU
		{DE50A4B0-B3EB-4AC6-9EFF-BA21FCECF87D}.Debug|Any CPU.Build.0 = Debug|Any CPU
		{DE50A4B0-B3EB-4AC6-9EFF-BA21FCECF87D}.Release|Any CPU.ActiveCfg = Release|Any CPU
		{DE50A4B0-B3EB-4AC6-9EFF-BA21FCECF87D}.Release|Any CPU.Build.0 = Release|Any CPU
	EndGlobalSection
	GlobalSection(SolutionProperties) = preSolution
		HideSolutionNode = FALSE
	EndGlobalSection
	GlobalSection(ExtensibilityGlobals) = postSolution
		SolutionGuid = {06CA2391-76C0-496D-9FC8-8530840342EE}
	EndGlobalSection
EndGlobal
