
Microsoft Visual Studio Solution File, Format Version 11.00
# Visual Studio 2010
Project("{FAE04EC0-301F-11D3-BF4B-00C04F79EFBC}") = "UseEventExample", "UseEventExample.csproj", "{562560A6-F741-43B7-91C9-9E75014D0209}"
EndProject
Global
	GlobalSection(SolutionConfigurationPlatforms) = preSolution
		Debug|Any CPU = Debug|Any CPU
		Release|Any CPU = Release|Any CPU
	EndGlobalSection
	GlobalSection(ProjectConfigurationPlatforms) = postSolution
		{562560A6-F741-43B7-91C9-9E75014D0209}.Debug|Any CPU.ActiveCfg = Debug|Any CPU
		{562560A6-F741-43B7-91C9-9E75014D0209}.Debug|Any CPU.Build.0 = Debug|Any CPU
		{562560A6-F741-43B7-91C9-9E75014D0209}.Release|Any CPU.ActiveCfg = Release|Any CPU
		{562560A6-F741-43B7-91C9-9E75014D0209}.Release|Any CPU.Build.0 = Release|Any CPU
	EndGlobalSection
	GlobalSection(SolutionProperties) = preSolution
		HideSolutionNode = FALSE
	EndGlobalSection
EndGlobal
