
Microsoft Visual Studio Solution File, Format Version 11.00
# Visual C# Express 2010
Project("{FAE04EC0-301F-11D3-BF4B-00C04F79EFBC}") = "CollectionAlgebra", "CollectionAlgebra\CollectionAlgebra.csproj", "{137EA646-FFA4-4C96-A779-D7C9D1C08D4F}"
EndProject
Global
	GlobalSection(SolutionConfigurationPlatforms) = preSolution
		Debug|x86 = Debug|x86
		Release|x86 = Release|x86
	EndGlobalSection
	GlobalSection(ProjectConfigurationPlatforms) = postSolution
		{137EA646-FFA4-4C96-A779-D7C9D1C08D4F}.Debug|x86.ActiveCfg = Debug|x86
		{137EA646-FFA4-4C96-A779-D7C9D1C08D4F}.Debug|x86.Build.0 = Debug|x86
		{137EA646-FFA4-4C96-A779-D7C9D1C08D4F}.Release|x86.ActiveCfg = Release|x86
		{137EA646-FFA4-4C96-A779-D7C9D1C08D4F}.Release|x86.Build.0 = Release|x86
	EndGlobalSection
	GlobalSection(SolutionProperties) = preSolution
		HideSolutionNode = FALSE
	EndGlobalSection
EndGlobal
