
Microsoft Visual Studio Solution File, Format Version 11.00
# Visual Studio 2010
Project("{FAE04EC0-301F-11D3-BF4B-00C04F79EFBC}") = "MathArithmetic", "MathArithmetic.csproj", "{E6CD2893-B2EC-412A-AF6E-99E3F85C9DA1}"
EndProject
Project("{FAE04EC0-301F-11D3-BF4B-00C04F79EFBC}") = "TestMathArithmetic", "TestMathArithmetic\TestMathArithmetic.csproj", "{140861D7-98F2-496F-985F-75BB4DC0A3DF}"
EndProject
Project("{2150E333-8FDC-42A3-9474-1A3956D46DE8}") = "Solution Items", "Solution Items", "{838DE0E9-A000-4E98-B436-130BE9DE6AB4}"
	ProjectSection(SolutionItems) = preProject
		Local.testsettings = Local.testsettings
		MathArithmetic.vsmdi = MathArithmetic.vsmdi
		TraceAndTestImpact.testsettings = TraceAndTestImpact.testsettings
	EndProjectSection
EndProject
Global
	GlobalSection(TestCaseManagementSettings) = postSolution
		CategoryFile = MathArithmetic.vsmdi
	EndGlobalSection
	GlobalSection(SolutionConfigurationPlatforms) = preSolution
		Debug|Any CPU = Debug|Any CPU
		Debug|Mixed Platforms = Debug|Mixed Platforms
		Debug|x86 = Debug|x86
		Release|Any CPU = Release|Any CPU
		Release|Mixed Platforms = Release|Mixed Platforms
		Release|x86 = Release|x86
	EndGlobalSection
	GlobalSection(ProjectConfigurationPlatforms) = postSolution
		{E6CD2893-B2EC-412A-AF6E-99E3F85C9DA1}.Debug|Any CPU.ActiveCfg = Debug|x86
		{E6CD2893-B2EC-412A-AF6E-99E3F85C9DA1}.Debug|Mixed Platforms.ActiveCfg = Debug|x86
		{E6CD2893-B2EC-412A-AF6E-99E3F85C9DA1}.Debug|Mixed Platforms.Build.0 = Debug|x86
		{E6CD2893-B2EC-412A-AF6E-99E3F85C9DA1}.Debug|x86.ActiveCfg = Debug|x86
		{E6CD2893-B2EC-412A-AF6E-99E3F85C9DA1}.Debug|x86.Build.0 = Debug|x86
		{E6CD2893-B2EC-412A-AF6E-99E3F85C9DA1}.Release|Any CPU.ActiveCfg = Release|x86
		{E6CD2893-B2EC-412A-AF6E-99E3F85C9DA1}.Release|Mixed Platforms.ActiveCfg = Release|x86
		{E6CD2893-B2EC-412A-AF6E-99E3F85C9DA1}.Release|Mixed Platforms.Build.0 = Release|x86
		{E6CD2893-B2EC-412A-AF6E-99E3F85C9DA1}.Release|x86.ActiveCfg = Release|x86
		{E6CD2893-B2EC-412A-AF6E-99E3F85C9DA1}.Release|x86.Build.0 = Release|x86
		{140861D7-98F2-496F-985F-75BB4DC0A3DF}.Debug|Any CPU.ActiveCfg = Debug|Any CPU
		{140861D7-98F2-496F-985F-75BB4DC0A3DF}.Debug|Any CPU.Build.0 = Debug|Any CPU
		{140861D7-98F2-496F-985F-75BB4DC0A3DF}.Debug|Mixed Platforms.ActiveCfg = Debug|Any CPU
		{140861D7-98F2-496F-985F-75BB4DC0A3DF}.Debug|Mixed Platforms.Build.0 = Debug|Any CPU
		{140861D7-98F2-496F-985F-75BB4DC0A3DF}.Debug|x86.ActiveCfg = Debug|Any CPU
		{140861D7-98F2-496F-985F-75BB4DC0A3DF}.Release|Any CPU.ActiveCfg = Release|Any CPU
		{140861D7-98F2-496F-985F-75BB4DC0A3DF}.Release|Any CPU.Build.0 = Release|Any CPU
		{140861D7-98F2-496F-985F-75BB4DC0A3DF}.Release|Mixed Platforms.ActiveCfg = Release|Any CPU
		{140861D7-98F2-496F-985F-75BB4DC0A3DF}.Release|Mixed Platforms.Build.0 = Release|Any CPU
		{140861D7-98F2-496F-985F-75BB4DC0A3DF}.Release|x86.ActiveCfg = Release|Any CPU
	EndGlobalSection
	GlobalSection(SolutionProperties) = preSolution
		HideSolutionNode = FALSE
	EndGlobalSection
EndGlobal
