
Microsoft Visual Studio Solution File, Format Version 11.00
# Visual Studio 10
Project("{FAE04EC0-301F-11D3-BF4B-00C04F79EFBC}") = "JoinLeadToDeadlock", "JoinLeadToDeadlock.csproj", "{D5325ADC-CF3B-4824-8838-B261AE40FDB4}"
EndProject
Global
	GlobalSection(SolutionConfigurationPlatforms) = preSolution
		Debug|Any CPU = Debug|Any CPU
		Release|Any CPU = Release|Any CPU
	EndGlobalSection
	GlobalSection(ProjectConfigurationPlatforms) = postSolution
		{D5325ADC-CF3B-4824-8838-B261AE40FDB4}.Debug|Any CPU.ActiveCfg = Debug|Any CPU
		{D5325ADC-CF3B-4824-8838-B261AE40FDB4}.Debug|Any CPU.Build.0 = Debug|Any CPU
		{D5325ADC-CF3B-4824-8838-B261AE40FDB4}.Release|Any CPU.ActiveCfg = Release|Any CPU
		{D5325ADC-CF3B-4824-8838-B261AE40FDB4}.Release|Any CPU.Build.0 = Release|Any CPU
	EndGlobalSection
	GlobalSection(SolutionProperties) = preSolution
		HideSolutionNode = FALSE
	EndGlobalSection
EndGlobal
