
Microsoft Visual Studio Solution File, Format Version 12.00
# Visual Studio Version 16
VisualStudioVersion = 16.0.29519.87
MinimumVisualStudioVersion = 10.0.40219.1
Project("{FAE04EC0-301F-11D3-BF4B-00C04F79EFBC}") = "1EvolutionToLINQ", "1EvolutionToLINQ\1EvolutionToLINQ.csproj", "{31F02F6F-02A0-45CB-85BA-7CF84FBD33EB}"
EndProject
Global
	GlobalSection(SolutionConfigurationPlatforms) = preSolution
		Debug|Any CPU = Debug|Any CPU
		Release|Any CPU = Release|Any CPU
	EndGlobalSection
	GlobalSection(ProjectConfigurationPlatforms) = postSolution
		{31F02F6F-02A0-45CB-85BA-7CF84FBD33EB}.Debug|Any CPU.ActiveCfg = Debug|Any CPU
		{31F02F6F-02A0-45CB-85BA-7CF84FBD33EB}.Debug|Any CPU.Build.0 = Debug|Any CPU
		{31F02F6F-02A0-45CB-85BA-7CF84FBD33EB}.Release|Any CPU.ActiveCfg = Release|Any CPU
		{31F02F6F-02A0-45CB-85BA-7CF84FBD33EB}.Release|Any CPU.Build.0 = Release|Any CPU
	EndGlobalSection
	GlobalSection(SolutionProperties) = preSolution
		HideSolutionNode = FALSE
	EndGlobalSection
	GlobalSection(ExtensibilityGlobals) = postSolution
		SolutionGuid = {70B7B681-56F1-4E2C-A1B3-E69461D2F8F2}
	EndGlobalSection
EndGlobal
