
Microsoft Visual Studio Solution File, Format Version 12.00
# Visual Studio Version 16
VisualStudioVersion = 16.0.29025.244
MinimumVisualStudioVersion = 10.0.40219.1
Project("{FAE04EC0-301F-11D3-BF4B-00C04F79EFBC}") = "CountDown", "CountDown\CountDown.csproj", "{79608C24-4C1C-415C-9D1E-2B8043CAA40D}"
EndProject
Global
	GlobalSection(SolutionConfigurationPlatforms) = preSolution
		Debug|Any CPU = Debug|Any CPU
		Release|Any CPU = Release|Any CPU
	EndGlobalSection
	GlobalSection(ProjectConfigurationPlatforms) = postSolution
		{79608C24-4C1C-415C-9D1E-2B8043CAA40D}.Debug|Any CPU.ActiveCfg = Debug|Any CPU
		{79608C24-4C1C-415C-9D1E-2B8043CAA40D}.Debug|Any CPU.Build.0 = Debug|Any CPU
		{79608C24-4C1C-415C-9D1E-2B8043CAA40D}.Release|Any CPU.ActiveCfg = Release|Any CPU
		{79608C24-4C1C-415C-9D1E-2B8043CAA40D}.Release|Any CPU.Build.0 = Release|Any CPU
	EndGlobalSection
	GlobalSection(SolutionProperties) = preSolution
		HideSolutionNode = FALSE
	EndGlobalSection
	GlobalSection(ExtensibilityGlobals) = postSolution
		SolutionGuid = {DCE32EFD-070F-4BD0-90A7-0463BDC45105}
	EndGlobalSection
EndGlobal
