
Microsoft Visual Studio Solution File, Format Version 12.00
# Visual Studio Version 16
VisualStudioVersion = 16.0.29209.62
MinimumVisualStudioVersion = 10.0.40219.1
Project("{FAE04EC0-301F-11D3-BF4B-00C04F79EFBC}") = "MyMathLibrary", "MyMathLibrary\MyMathLibrary.csproj", "{82C84507-6E4D-4EEB-97AB-7B2F60003B97}"
EndProject
Project("{FAE04EC0-301F-11D3-BF4B-00C04F79EFBC}") = "Calculator", "Calculator\Calculator.csproj", "{88FFA926-8D12-44ED-BDE0-9B48627FB4E5}"
EndProject
Global
	GlobalSection(SolutionConfigurationPlatforms) = preSolution
		Debug|Any CPU = Debug|Any CPU
		Release|Any CPU = Release|Any CPU
	EndGlobalSection
	GlobalSection(ProjectConfigurationPlatforms) = postSolution
		{82C84507-6E4D-4EEB-97AB-7B2F60003B97}.Debug|Any CPU.ActiveCfg = Debug|Any CPU
		{82C84507-6E4D-4EEB-97AB-7B2F60003B97}.Debug|Any CPU.Build.0 = Debug|Any CPU
		{82C84507-6E4D-4EEB-97AB-7B2F60003B97}.Release|Any CPU.ActiveCfg = Release|Any CPU
		{82C84507-6E4D-4EEB-97AB-7B2F60003B97}.Release|Any CPU.Build.0 = Release|Any CPU
		{88FFA926-8D12-44ED-BDE0-9B48627FB4E5}.Debug|Any CPU.ActiveCfg = Debug|Any CPU
		{88FFA926-8D12-44ED-BDE0-9B48627FB4E5}.Debug|Any CPU.Build.0 = Debug|Any CPU
		{88FFA926-8D12-44ED-BDE0-9B48627FB4E5}.Release|Any CPU.ActiveCfg = Release|Any CPU
		{88FFA926-8D12-44ED-BDE0-9B48627FB4E5}.Release|Any CPU.Build.0 = Release|Any CPU
	EndGlobalSection
	GlobalSection(SolutionProperties) = preSolution
		HideSolutionNode = FALSE
	EndGlobalSection
	GlobalSection(ExtensibilityGlobals) = postSolution
		SolutionGuid = {60E3E4C6-6BB0-43FB-8B42-2F7CD3DCEF39}
	EndGlobalSection
EndGlobal
