
Microsoft Visual Studio Solution File, Format Version 12.00
# Visual Studio 14
VisualStudioVersion = 14.0.23107.0
MinimumVisualStudioVersion = 10.0.40219.1
Project("{FAE04EC0-301F-11D3-BF4B-00C04F79EFBC}") = "7_LayoutDemos", "LayoutDemos\7_LayoutDemos.csproj", "{6B367884-6B2B-4321-B1D7-EB85BA2C47B3}"
EndProject
Project("{FAE04EC0-301F-11D3-BF4B-00C04F79EFBC}") = "1_ButtonDemo", "ButtonDemo\1_ButtonDemo.csproj", "{8F288824-0897-4CF6-A630-221100CC1ED9}"
EndProject
Project("{FAE04EC0-301F-11D3-BF4B-00C04F79EFBC}") = "2_LabelDemo", "LabelDemo\2_LabelDemo.csproj", "{B676F16F-1076-48D8-BCC0-B09A0379478E}"
EndProject
Project("{FAE04EC0-301F-11D3-BF4B-00C04F79EFBC}") = "3_TextBoxDemo", "TextBoxDemo\3_TextBoxDemo.csproj", "{E46DBE88-AC89-4CB4-8132-6F01C8FAAF59}"
EndProject
Project("{FAE04EC0-301F-11D3-BF4B-00C04F79EFBC}") = "4_ProgressBarAndTimer", "ProgressBarAndTimer\4_ProgressBarAndTimer.csproj", "{2438E6FC-FB33-4EA2-B2C1-2DBE115B6F09}"
EndProject
Project("{FAE04EC0-301F-11D3-BF4B-00C04F79EFBC}") = "5_FormCtrlProperty", "FormCtrlProperty\5_FormCtrlProperty.csproj", "{7CFC096E-CD35-4A3C-A338-1481B4ED5770}"
EndProject
Project("{FAE04EC0-301F-11D3-BF4B-00C04F79EFBC}") = "6_ContainerDemo", "ContainerDemo\6_ContainerDemo.csproj", "{39554A09-8910-4F01-A118-5D18FB2123E4}"
EndProject
Global
	GlobalSection(SolutionConfigurationPlatforms) = preSolution
		Debug|Any CPU = Debug|Any CPU
		Release|Any CPU = Release|Any CPU
	EndGlobalSection
	GlobalSection(ProjectConfigurationPlatforms) = postSolution
		{6B367884-6B2B-4321-B1D7-EB85BA2C47B3}.Debug|Any CPU.ActiveCfg = Debug|Any CPU
		{6B367884-6B2B-4321-B1D7-EB85BA2C47B3}.Debug|Any CPU.Build.0 = Debug|Any CPU
		{6B367884-6B2B-4321-B1D7-EB85BA2C47B3}.Release|Any CPU.ActiveCfg = Release|Any CPU
		{6B367884-6B2B-4321-B1D7-EB85BA2C47B3}.Release|Any CPU.Build.0 = Release|Any CPU
		{8F288824-0897-4CF6-A630-221100CC1ED9}.Debug|Any CPU.ActiveCfg = Debug|Any CPU
		{8F288824-0897-4CF6-A630-221100CC1ED9}.Debug|Any CPU.Build.0 = Debug|Any CPU
		{8F288824-0897-4CF6-A630-221100CC1ED9}.Release|Any CPU.ActiveCfg = Release|Any CPU
		{8F288824-0897-4CF6-A630-221100CC1ED9}.Release|Any CPU.Build.0 = Release|Any CPU
		{B676F16F-1076-48D8-BCC0-B09A0379478E}.Debug|Any CPU.ActiveCfg = Debug|Any CPU
		{B676F16F-1076-48D8-BCC0-B09A0379478E}.Debug|Any CPU.Build.0 = Debug|Any CPU
		{B676F16F-1076-48D8-BCC0-B09A0379478E}.Release|Any CPU.ActiveCfg = Release|Any CPU
		{B676F16F-1076-48D8-BCC0-B09A0379478E}.Release|Any CPU.Build.0 = Release|Any CPU
		{E46DBE88-AC89-4CB4-8132-6F01C8FAAF59}.Debug|Any CPU.ActiveCfg = Debug|Any CPU
		{E46DBE88-AC89-4CB4-8132-6F01C8FAAF59}.Debug|Any CPU.Build.0 = Debug|Any CPU
		{E46DBE88-AC89-4CB4-8132-6F01C8FAAF59}.Release|Any CPU.ActiveCfg = Release|Any CPU
		{E46DBE88-AC89-4CB4-8132-6F01C8FAAF59}.Release|Any CPU.Build.0 = Release|Any CPU
		{2438E6FC-FB33-4EA2-B2C1-2DBE115B6F09}.Debug|Any CPU.ActiveCfg = Debug|Any CPU
		{2438E6FC-FB33-4EA2-B2C1-2DBE115B6F09}.Debug|Any CPU.Build.0 = Debug|Any CPU
		{2438E6FC-FB33-4EA2-B2C1-2DBE115B6F09}.Release|Any CPU.ActiveCfg = Release|Any CPU
		{2438E6FC-FB33-4EA2-B2C1-2DBE115B6F09}.Release|Any CPU.Build.0 = Release|Any CPU
		{7CFC096E-CD35-4A3C-A338-1481B4ED5770}.Debug|Any CPU.ActiveCfg = Debug|Any CPU
		{7CFC096E-CD35-4A3C-A338-1481B4ED5770}.Debug|Any CPU.Build.0 = Debug|Any CPU
		{7CFC096E-CD35-4A3C-A338-1481B4ED5770}.Release|Any CPU.ActiveCfg = Release|Any CPU
		{7CFC096E-CD35-4A3C-A338-1481B4ED5770}.Release|Any CPU.Build.0 = Release|Any CPU
		{39554A09-8910-4F01-A118-5D18FB2123E4}.Debug|Any CPU.ActiveCfg = Debug|Any CPU
		{39554A09-8910-4F01-A118-5D18FB2123E4}.Debug|Any CPU.Build.0 = Debug|Any CPU
		{39554A09-8910-4F01-A118-5D18FB2123E4}.Release|Any CPU.ActiveCfg = Release|Any CPU
		{39554A09-8910-4F01-A118-5D18FB2123E4}.Release|Any CPU.Build.0 = Release|Any CPU
	EndGlobalSection
	GlobalSection(SolutionProperties) = preSolution
		HideSolutionNode = FALSE
	EndGlobalSection
EndGlobal
