
Microsoft Visual Studio Solution File, Format Version 12.00
# Visual Studio Version 16
VisualStudioVersion = 16.0.29806.167
MinimumVisualStudioVersion = 10.0.40219.1
Project("{FAE04EC0-301F-11D3-BF4B-00C04F79EFBC}") = "CalculateFolderSize", "CalculateFolderSize\CalculateFolderSize.csproj", "{4D408425-8F8D-4386-A988-52ECF2E4850E}"
EndProject
Global
	GlobalSection(SolutionConfigurationPlatforms) = preSolution
		Debug|Any CPU = Debug|Any CPU
		Release|Any CPU = Release|Any CPU
	EndGlobalSection
	GlobalSection(ProjectConfigurationPlatforms) = postSolution
		{4D408425-8F8D-4386-A988-52ECF2E4850E}.Debug|Any CPU.ActiveCfg = Debug|Any CPU
		{4D408425-8F8D-4386-A988-52ECF2E4850E}.Debug|Any CPU.Build.0 = Debug|Any CPU
		{4D408425-8F8D-4386-A988-52ECF2E4850E}.Release|Any CPU.ActiveCfg = Release|Any CPU
		{4D408425-8F8D-4386-A988-52ECF2E4850E}.Release|Any CPU.Build.0 = Release|Any CPU
	EndGlobalSection
	GlobalSection(SolutionProperties) = preSolution
		HideSolutionNode = FALSE
	EndGlobalSection
	GlobalSection(ExtensibilityGlobals) = postSolution
		SolutionGuid = {26981856-AF70-4CFE-8CB1-7C8E7E649CF4}
	EndGlobalSection
EndGlobal
