
Microsoft Visual Studio Solution File, Format Version 11.00
# Visual C# Express 2010
Project("{FAE04EC0-301F-11D3-BF4B-00C04F79EFBC}") = "UsePredicateDelegate", "UsePredicateDelegate\UsePredicateDelegate.csproj", "{75E69974-EB42-4F56-96AB-046A2AAD274B}"
EndProject
Global
	GlobalSection(SolutionConfigurationPlatforms) = preSolution
		Debug|Any CPU = Debug|Any CPU
		Release|Any CPU = Release|Any CPU
	EndGlobalSection
	GlobalSection(ProjectConfigurationPlatforms) = postSolution
		{75E69974-EB42-4F56-96AB-046A2AAD274B}.Debug|Any CPU.ActiveCfg = Debug|Any CPU
		{75E69974-EB42-4F56-96AB-046A2AAD274B}.Debug|Any CPU.Build.0 = Debug|Any CPU
		{75E69974-EB42-4F56-96AB-046A2AAD274B}.Release|Any CPU.ActiveCfg = Release|Any CPU
		{75E69974-EB42-4F56-96AB-046A2AAD274B}.Release|Any CPU.Build.0 = Release|Any CPU
	EndGlobalSection
	GlobalSection(SolutionProperties) = preSolution
		HideSolutionNode = FALSE
	EndGlobalSection
EndGlobal
