
Microsoft Visual Studio Solution File, Format Version 12.00
# Visual Studio Version 16
VisualStudioVersion = 16.0.29519.87
MinimumVisualStudioVersion = 10.0.40219.1
Project("{FAE04EC0-301F-11D3-BF4B-00C04F79EFBC}") = "1_LINQ", "LINQ\1_LINQ.csproj", "{4671C828-0D98-4BB9-8836-87AF0337EDA6}"
EndProject
Project("{FAE04EC0-301F-11D3-BF4B-00C04F79EFBC}") = "2_LINQGroup", "LINQGroup\2_LINQGroup.csproj", "{DF4D0EA0-7DFC-40D8-BBEC-4F8B76C948EE}"
EndProject
Project("{FAE04EC0-301F-11D3-BF4B-00C04F79EFBC}") = "3_SortOfFiles", "Exercise1\3_SortOfFiles.csproj", "{B087107B-8FA6-45D0-9288-DF2B30D9A058}"
EndProject
Project("{FAE04EC0-301F-11D3-BF4B-00C04F79EFBC}") = "4_SortOfWords", "CountTheFrequencyOfWords\4_SortOfWords.csproj", "{1BD29DF4-85AF-4894-8876-B4E7BC68702A}"
EndProject
Project("{FAE04EC0-301F-11D3-BF4B-00C04F79EFBC}") = "Test", "Test\Test.csproj", "{B32785BA-B047-42D1-9077-7FB163193405}"
EndProject
Project("{FAE04EC0-301F-11D3-BF4B-00C04F79EFBC}") = "5_Animal", "Animal\5_Animal.csproj", "{15BF8343-D006-4E45-8FD7-A27B6EBE4C89}"
EndProject
Global
	GlobalSection(SolutionConfigurationPlatforms) = preSolution
		Debug|Any CPU = Debug|Any CPU
		Release|Any CPU = Release|Any CPU
	EndGlobalSection
	GlobalSection(ProjectConfigurationPlatforms) = postSolution
		{4671C828-0D98-4BB9-8836-87AF0337EDA6}.Debug|Any CPU.ActiveCfg = Debug|Any CPU
		{4671C828-0D98-4BB9-8836-87AF0337EDA6}.Debug|Any CPU.Build.0 = Debug|Any CPU
		{4671C828-0D98-4BB9-8836-87AF0337EDA6}.Release|Any CPU.ActiveCfg = Release|Any CPU
		{4671C828-0D98-4BB9-8836-87AF0337EDA6}.Release|Any CPU.Build.0 = Release|Any CPU
		{DF4D0EA0-7DFC-40D8-BBEC-4F8B76C948EE}.Debug|Any CPU.ActiveCfg = Debug|Any CPU
		{DF4D0EA0-7DFC-40D8-BBEC-4F8B76C948EE}.Debug|Any CPU.Build.0 = Debug|Any CPU
		{DF4D0EA0-7DFC-40D8-BBEC-4F8B76C948EE}.Release|Any CPU.ActiveCfg = Release|Any CPU
		{DF4D0EA0-7DFC-40D8-BBEC-4F8B76C948EE}.Release|Any CPU.Build.0 = Release|Any CPU
		{B087107B-8FA6-45D0-9288-DF2B30D9A058}.Debug|Any CPU.ActiveCfg = Debug|Any CPU
		{B087107B-8FA6-45D0-9288-DF2B30D9A058}.Debug|Any CPU.Build.0 = Debug|Any CPU
		{B087107B-8FA6-45D0-9288-DF2B30D9A058}.Release|Any CPU.ActiveCfg = Release|Any CPU
		{B087107B-8FA6-45D0-9288-DF2B30D9A058}.Release|Any CPU.Build.0 = Release|Any CPU
		{1BD29DF4-85AF-4894-8876-B4E7BC68702A}.Debug|Any CPU.ActiveCfg = Debug|Any CPU
		{1BD29DF4-85AF-4894-8876-B4E7BC68702A}.Debug|Any CPU.Build.0 = Debug|Any CPU
		{1BD29DF4-85AF-4894-8876-B4E7BC68702A}.Release|Any CPU.ActiveCfg = Release|Any CPU
		{1BD29DF4-85AF-4894-8876-B4E7BC68702A}.Release|Any CPU.Build.0 = Release|Any CPU
		{B32785BA-B047-42D1-9077-7FB163193405}.Debug|Any CPU.ActiveCfg = Debug|Any CPU
		{B32785BA-B047-42D1-9077-7FB163193405}.Debug|Any CPU.Build.0 = Debug|Any CPU
		{B32785BA-B047-42D1-9077-7FB163193405}.Release|Any CPU.ActiveCfg = Release|Any CPU
		{B32785BA-B047-42D1-9077-7FB163193405}.Release|Any CPU.Build.0 = Release|Any CPU
		{15BF8343-D006-4E45-8FD7-A27B6EBE4C89}.Debug|Any CPU.ActiveCfg = Debug|Any CPU
		{15BF8343-D006-4E45-8FD7-A27B6EBE4C89}.Debug|Any CPU.Build.0 = Debug|Any CPU
		{15BF8343-D006-4E45-8FD7-A27B6EBE4C89}.Release|Any CPU.ActiveCfg = Release|Any CPU
		{15BF8343-D006-4E45-8FD7-A27B6EBE4C89}.Release|Any CPU.Build.0 = Release|Any CPU
	EndGlobalSection
	GlobalSection(SolutionProperties) = preSolution
		HideSolutionNode = FALSE
	EndGlobalSection
	GlobalSection(ExtensibilityGlobals) = postSolution
		SolutionGuid = {319F1EC6-9232-4F34-B2E0-E16D06AC37AF}
	EndGlobalSection
EndGlobal
