
Microsoft Visual Studio Solution File, Format Version 12.00
# Visual Studio Version 16
VisualStudioVersion = 16.0.29806.167
MinimumVisualStudioVersion = 10.0.40219.1
Project("{FAE04EC0-301F-11D3-BF4B-00C04F79EFBC}") = "CFZBackgroundWork", "CFZBackgroundWork\CFZBackgroundWork.csproj", "{BF5BE22B-9497-48B4-B062-7587A8D05FC8}"
EndProject
Global
	GlobalSection(SolutionConfigurationPlatforms) = preSolution
		Debug|Any CPU = Debug|Any CPU
		Release|Any CPU = Release|Any CPU
	EndGlobalSection
	GlobalSection(ProjectConfigurationPlatforms) = postSolution
		{BF5BE22B-9497-48B4-B062-7587A8D05FC8}.Debug|Any CPU.ActiveCfg = Debug|Any CPU
		{BF5BE22B-9497-48B4-B062-7587A8D05FC8}.Debug|Any CPU.Build.0 = Debug|Any CPU
		{BF5BE22B-9497-48B4-B062-7587A8D05FC8}.Release|Any CPU.ActiveCfg = Release|Any CPU
		{BF5BE22B-9497-48B4-B062-7587A8D05FC8}.Release|Any CPU.Build.0 = Release|Any CPU
	EndGlobalSection
	GlobalSection(SolutionProperties) = preSolution
		HideSolutionNode = FALSE
	EndGlobalSection
	GlobalSection(ExtensibilityGlobals) = postSolution
		SolutionGuid = {56A0DFB7-3372-4D80-B6B4-A143D4DF72DF}
	EndGlobalSection
EndGlobal
