
Microsoft Visual Studio Solution File, Format Version 11.00
# Visual Studio 2010
Project("{FAE04EC0-301F-11D3-BF4B-00C04F79EFBC}") = "CascadingStatement", "CascadingStatement\CascadingStatement.csproj", "{AAB35F18-5E1F-4502-BB2A-327EFD1EF4E7}"
EndProject
Global
	GlobalSection(SolutionConfigurationPlatforms) = preSolution
		Debug|x86 = Debug|x86
		Release|x86 = Release|x86
	EndGlobalSection
	GlobalSection(ProjectConfigurationPlatforms) = postSolution
		{AAB35F18-5E1F-4502-BB2A-327EFD1EF4E7}.Debug|x86.ActiveCfg = Debug|x86
		{AAB35F18-5E1F-4502-BB2A-327EFD1EF4E7}.Debug|x86.Build.0 = Debug|x86
		{AAB35F18-5E1F-4502-BB2A-327EFD1EF4E7}.Release|x86.ActiveCfg = Release|x86
		{AAB35F18-5E1F-4502-BB2A-327EFD1EF4E7}.Release|x86.Build.0 = Release|x86
	EndGlobalSection
	GlobalSection(SolutionProperties) = preSolution
		HideSolutionNode = FALSE
	EndGlobalSection
EndGlobal
