
Microsoft Visual Studio Solution File, Format Version 11.00
# Visual Studio 2010
Project("{FAE04EC0-301F-11D3-BF4B-00C04F79EFBC}") = "UseAggregateFunc", "UseAggregateFunc.csproj", "{0397E86C-B648-4B0B-9394-B92FD7D9B073}"
EndProject
Global
	GlobalSection(SolutionConfigurationPlatforms) = preSolution
		Debug|x86 = Debug|x86
		Release|x86 = Release|x86
	EndGlobalSection
	GlobalSection(ProjectConfigurationPlatforms) = postSolution
		{0397E86C-B648-4B0B-9394-B92FD7D9B073}.Debug|x86.ActiveCfg = Debug|x86
		{0397E86C-B648-4B0B-9394-B92FD7D9B073}.Debug|x86.Build.0 = Debug|x86
		{0397E86C-B648-4B0B-9394-B92FD7D9B073}.Release|x86.ActiveCfg = Release|x86
		{0397E86C-B648-4B0B-9394-B92FD7D9B073}.Release|x86.Build.0 = Release|x86
	EndGlobalSection
	GlobalSection(SolutionProperties) = preSolution
		HideSolutionNode = FALSE
	EndGlobalSection
EndGlobal
