
Microsoft Visual Studio Solution File, Format Version 12.00
# Visual Studio Version 16
VisualStudioVersion = 16.0.29025.244
MinimumVisualStudioVersion = 10.0.40219.1
Project("{FAE04EC0-301F-11D3-BF4B-00C04F79EFBC}") = "BreadthFirstSeach", "BreadthFirstSeach\BreadthFirstSeach.csproj", "{B6D1A999-C5CF-4D67-B478-888E60C33006}"
EndProject
Global
	GlobalSection(SolutionConfigurationPlatforms) = preSolution
		Debug|Any CPU = Debug|Any CPU
		Release|Any CPU = Release|Any CPU
	EndGlobalSection
	GlobalSection(ProjectConfigurationPlatforms) = postSolution
		{B6D1A999-C5CF-4D67-B478-888E60C33006}.Debug|Any CPU.ActiveCfg = Debug|Any CPU
		{B6D1A999-C5CF-4D67-B478-888E60C33006}.Debug|Any CPU.Build.0 = Debug|Any CPU
		{B6D1A999-C5CF-4D67-B478-888E60C33006}.Release|Any CPU.ActiveCfg = Release|Any CPU
		{B6D1A999-C5CF-4D67-B478-888E60C33006}.Release|Any CPU.Build.0 = Release|Any CPU
	EndGlobalSection
	GlobalSection(SolutionProperties) = preSolution
		HideSolutionNode = FALSE
	EndGlobalSection
	GlobalSection(ExtensibilityGlobals) = postSolution
		SolutionGuid = {9271BD34-7DCB-47E6-BADB-00ACCC5E9B38}
	EndGlobalSection
EndGlobal
