
Microsoft Visual Studio Solution File, Format Version 12.00
# Visual Studio Version 16
VisualStudioVersion = 16.0.29613.14
MinimumVisualStudioVersion = 10.0.40219.1
Project("{FAE04EC0-301F-11D3-BF4B-00C04F79EFBC}") = "AsyncExample", "AsyncExample\AsyncExample.csproj", "{42DEEA20-530A-44F1-9E8C-2308CBE2CC19}"
EndProject
Project("{FAE04EC0-301F-11D3-BF4B-00C04F79EFBC}") = "MyAsyncThread", "MyAsyncThread\MyAsyncThread.csproj", "{99EEBF0B-16F5-4F08-84C8-DCF60131B338}"
EndProject
Project("{FAE04EC0-301F-11D3-BF4B-00C04F79EFBC}") = "1 InvokeMethodDemo", "4_1_SourceCode\ThreadDemos\InvokeMethodDemo\1 InvokeMethodDemo.csproj", "{A409FAAE-9700-4E3F-9D13-5916C6ACA0BE}"
EndProject
Project("{FAE04EC0-301F-11D3-BF4B-00C04F79EFBC}") = "VisitVisualControl3", "4_1_SourceCode\TheadUIDemo\VisitVisualControl3\VisitVisualControl3.csproj", "{448EF496-8AC9-4DD5-BA1A-0C76360206B4}"
EndProject
Project("{FAE04EC0-301F-11D3-BF4B-00C04F79EFBC}") = "UseBackgroundWorkerInWinForm", "4_1_SourceCode\TheadUIDemo\UseBackgroundWorkerInWinForm\UseBackgroundWorkerInWinForm.csproj", "{5E58D4BF-5B13-40D0-ACDD-447C5CD80F17}"
EndProject
Project("{FAE04EC0-301F-11D3-BF4B-00C04F79EFBC}") = "ShowProgress", "ShowProgress\ShowProgress.csproj", "{D6E30C43-2790-4A40-9136-A33BAF0EB5B7}"
EndProject
Project("{FAE04EC0-301F-11D3-BF4B-00C04F79EFBC}") = "MyFileSearcherForWinForm", "4_1_SourceCode\TheadUIDemo\MyFileSearcherForWinForm\MyFileSearcherForWinForm.csproj", "{B661C35E-7BA8-4C6A-8908-27299F01531B}"
EndProject
Project("{FAE04EC0-301F-11D3-BF4B-00C04F79EFBC}") = "MyFileSearcherForWPF", "MyFileSearcherForWPF\MyFileSearcherForWPF.csproj", "{EB0251EF-28F6-4FB0-A2B7-998EC7723150}"
EndProject
Project("{FAE04EC0-301F-11D3-BF4B-00C04F79EFBC}") = "DataBindingAndAsyn", "DataBindingAndAsyn\DataBindingAndAsyn.csproj", "{1F7B983A-3556-48BD-A99E-9A00072FB3EE}"
EndProject
Project("{FAE04EC0-301F-11D3-BF4B-00C04F79EFBC}") = "HowToUseIOAPI", "HowToUseIOAPI\HowToUseIOAPI.csproj", "{138642F8-33DD-4030-AEAF-B9C3721A9BFF}"
EndProject
Global
	GlobalSection(SolutionConfigurationPlatforms) = preSolution
		Debug|Any CPU = Debug|Any CPU
		Release|Any CPU = Release|Any CPU
	EndGlobalSection
	GlobalSection(ProjectConfigurationPlatforms) = postSolution
		{42DEEA20-530A-44F1-9E8C-2308CBE2CC19}.Debug|Any CPU.ActiveCfg = Debug|Any CPU
		{42DEEA20-530A-44F1-9E8C-2308CBE2CC19}.Debug|Any CPU.Build.0 = Debug|Any CPU
		{42DEEA20-530A-44F1-9E8C-2308CBE2CC19}.Release|Any CPU.ActiveCfg = Release|Any CPU
		{42DEEA20-530A-44F1-9E8C-2308CBE2CC19}.Release|Any CPU.Build.0 = Release|Any CPU
		{99EEBF0B-16F5-4F08-84C8-DCF60131B338}.Debug|Any CPU.ActiveCfg = Debug|Any CPU
		{99EEBF0B-16F5-4F08-84C8-DCF60131B338}.Debug|Any CPU.Build.0 = Debug|Any CPU
		{99EEBF0B-16F5-4F08-84C8-DCF60131B338}.Release|Any CPU.ActiveCfg = Release|Any CPU
		{99EEBF0B-16F5-4F08-84C8-DCF60131B338}.Release|Any CPU.Build.0 = Release|Any CPU
		{A409FAAE-9700-4E3F-9D13-5916C6ACA0BE}.Debug|Any CPU.ActiveCfg = Debug|Any CPU
		{A409FAAE-9700-4E3F-9D13-5916C6ACA0BE}.Debug|Any CPU.Build.0 = Debug|Any CPU
		{A409FAAE-9700-4E3F-9D13-5916C6ACA0BE}.Release|Any CPU.ActiveCfg = Release|Any CPU
		{A409FAAE-9700-4E3F-9D13-5916C6ACA0BE}.Release|Any CPU.Build.0 = Release|Any CPU
		{448EF496-8AC9-4DD5-BA1A-0C76360206B4}.Debug|Any CPU.ActiveCfg = Debug|Any CPU
		{448EF496-8AC9-4DD5-BA1A-0C76360206B4}.Debug|Any CPU.Build.0 = Debug|Any CPU
		{448EF496-8AC9-4DD5-BA1A-0C76360206B4}.Release|Any CPU.ActiveCfg = Release|Any CPU
		{448EF496-8AC9-4DD5-BA1A-0C76360206B4}.Release|Any CPU.Build.0 = Release|Any CPU
		{5E58D4BF-5B13-40D0-ACDD-447C5CD80F17}.Debug|Any CPU.ActiveCfg = Debug|Any CPU
		{5E58D4BF-5B13-40D0-ACDD-447C5CD80F17}.Debug|Any CPU.Build.0 = Debug|Any CPU
		{5E58D4BF-5B13-40D0-ACDD-447C5CD80F17}.Release|Any CPU.ActiveCfg = Release|Any CPU
		{5E58D4BF-5B13-40D0-ACDD-447C5CD80F17}.Release|Any CPU.Build.0 = Release|Any CPU
		{D6E30C43-2790-4A40-9136-A33BAF0EB5B7}.Debug|Any CPU.ActiveCfg = Debug|Any CPU
		{D6E30C43-2790-4A40-9136-A33BAF0EB5B7}.Debug|Any CPU.Build.0 = Debug|Any CPU
		{D6E30C43-2790-4A40-9136-A33BAF0EB5B7}.Release|Any CPU.ActiveCfg = Release|Any CPU
		{D6E30C43-2790-4A40-9136-A33BAF0EB5B7}.Release|Any CPU.Build.0 = Release|Any CPU
		{B661C35E-7BA8-4C6A-8908-27299F01531B}.Debug|Any CPU.ActiveCfg = Debug|Any CPU
		{B661C35E-7BA8-4C6A-8908-27299F01531B}.Debug|Any CPU.Build.0 = Debug|Any CPU
		{B661C35E-7BA8-4C6A-8908-27299F01531B}.Release|Any CPU.ActiveCfg = Release|Any CPU
		{B661C35E-7BA8-4C6A-8908-27299F01531B}.Release|Any CPU.Build.0 = Release|Any CPU
		{EB0251EF-28F6-4FB0-A2B7-998EC7723150}.Debug|Any CPU.ActiveCfg = Debug|Any CPU
		{EB0251EF-28F6-4FB0-A2B7-998EC7723150}.Debug|Any CPU.Build.0 = Debug|Any CPU
		{EB0251EF-28F6-4FB0-A2B7-998EC7723150}.Release|Any CPU.ActiveCfg = Release|Any CPU
		{EB0251EF-28F6-4FB0-A2B7-998EC7723150}.Release|Any CPU.Build.0 = Release|Any CPU
		{1F7B983A-3556-48BD-A99E-9A00072FB3EE}.Debug|Any CPU.ActiveCfg = Debug|Any CPU
		{1F7B983A-3556-48BD-A99E-9A00072FB3EE}.Debug|Any CPU.Build.0 = Debug|Any CPU
		{1F7B983A-3556-48BD-A99E-9A00072FB3EE}.Release|Any CPU.ActiveCfg = Release|Any CPU
		{1F7B983A-3556-48BD-A99E-9A00072FB3EE}.Release|Any CPU.Build.0 = Release|Any CPU
		{138642F8-33DD-4030-AEAF-B9C3721A9BFF}.Debug|Any CPU.ActiveCfg = Debug|Any CPU
		{138642F8-33DD-4030-AEAF-B9C3721A9BFF}.Debug|Any CPU.Build.0 = Debug|Any CPU
		{138642F8-33DD-4030-AEAF-B9C3721A9BFF}.Release|Any CPU.ActiveCfg = Release|Any CPU
		{138642F8-33DD-4030-AEAF-B9C3721A9BFF}.Release|Any CPU.Build.0 = Release|Any CPU
	EndGlobalSection
	GlobalSection(SolutionProperties) = preSolution
		HideSolutionNode = FALSE
	EndGlobalSection
	GlobalSection(ExtensibilityGlobals) = postSolution
		SolutionGuid = {B1CD89EC-B7B6-425B-91E1-6F92C86DF593}
	EndGlobalSection
EndGlobal
