
Microsoft Visual Studio Solution File, Format Version 12.00
# Visual Studio Version 16
VisualStudioVersion = 16.0.28922.388
MinimumVisualStudioVersion = 10.0.40219.1
Project("{FAE04EC0-301F-11D3-BF4B-00C04F79EFBC}") = "TheHeadFirstCSharp\Chapter_2\BuildAnApp", "BuildAnApp\BuildAnApp.csproj", "{6EA20AA8-A456-486D-8343-F26C09546138}"
EndProject
Global
	GlobalSection(SolutionConfigurationPlatforms) = preSolution
		Debug|Any CPU = Debug|Any CPU
		Release|Any CPU = Release|Any CPU
	EndGlobalSection
	GlobalSection(ProjectConfigurationPlatforms) = postSolution
		{6EA20AA8-A456-486D-8343-F26C09546138}.Debug|Any CPU.ActiveCfg = Debug|Any CPU
		{6EA20AA8-A456-486D-8343-F26C09546138}.Debug|Any CPU.Build.0 = Debug|Any CPU
		{6EA20AA8-A456-486D-8343-F26C09546138}.Release|Any CPU.ActiveCfg = Release|Any CPU
		{6EA20AA8-A456-486D-8343-F26C09546138}.Release|Any CPU.Build.0 = Release|Any CPU
	EndGlobalSection
	GlobalSection(SolutionProperties) = preSolution
		HideSolutionNode = FALSE
	EndGlobalSection
	GlobalSection(ExtensibilityGlobals) = postSolution
		SolutionGuid = {A80E6DE6-11AF-4E19-8300-10F22337DAED}
	EndGlobalSection
EndGlobal
