
Microsoft Visual Studio Solution File, Format Version 11.00
# Visual Studio 2010
Project("{FAE04EC0-301F-11D3-BF4B-00C04F79EFBC}") = "ThreadJoin", "ThreadJoin\ThreadJoin.csproj", "{A0800FFC-6572-46A0-8D82-B1BAC0E83B3B}"
EndProject
Global
	GlobalSection(SolutionConfigurationPlatforms) = preSolution
		Debug|Any CPU = Debug|Any CPU
		Release|Any CPU = Release|Any CPU
	EndGlobalSection
	GlobalSection(ProjectConfigurationPlatforms) = postSolution
		{A0800FFC-6572-46A0-8D82-B1BAC0E83B3B}.Debug|Any CPU.ActiveCfg = Debug|Any CPU
		{A0800FFC-6572-46A0-8D82-B1BAC0E83B3B}.Debug|Any CPU.Build.0 = Debug|Any CPU
		{A0800FFC-6572-46A0-8D82-B1BAC0E83B3B}.Release|Any CPU.ActiveCfg = Release|Any CPU
		{A0800FFC-6572-46A0-8D82-B1BAC0E83B3B}.Release|Any CPU.Build.0 = Release|Any CPU
	EndGlobalSection
	GlobalSection(SolutionProperties) = preSolution
		HideSolutionNode = FALSE
	EndGlobalSection
EndGlobal
