
Microsoft Visual Studio Solution File, Format Version 12.00
# Visual Studio Version 16
VisualStudioVersion = 16.0.29409.12
MinimumVisualStudioVersion = 10.0.40219.1
Project("{FAE04EC0-301F-11D3-BF4B-00C04F79EFBC}") = "1_UseXmlSerializer", "ObjectSerialization\1_UseXmlSerializer.csproj", "{0B0238D3-0D00-49C6-99E8-B9A0B6F93E59}"
EndProject
Project("{FAE04EC0-301F-11D3-BF4B-00C04F79EFBC}") = "2_SingleObjectSerialization", "2_SingleObjectSerialization\2_SingleObjectSerialization.csproj", "{AA977B0A-ECAD-4B78-9128-055011AA7D33}"
EndProject
Project("{FAE04EC0-301F-11D3-BF4B-00C04F79EFBC}") = "3_ObjectCloneViaSerialization", "ObjectCloneViaSerialization\3_ObjectCloneViaSerialization.csproj", "{610A7870-AA5E-4E08-9AAE-7D271413B38B}"
EndProject
Project("{FAE04EC0-301F-11D3-BF4B-00C04F79EFBC}") = "4_SaveFormStatus", "SaveFormStatus\4_SaveFormStatus.csproj", "{98C95D35-17BA-4FCE-993D-4A9AC4B90DDB}"
EndProject
Global
	GlobalSection(SolutionConfigurationPlatforms) = preSolution
		Debug|Any CPU = Debug|Any CPU
		Release|Any CPU = Release|Any CPU
	EndGlobalSection
	GlobalSection(ProjectConfigurationPlatforms) = postSolution
		{0B0238D3-0D00-49C6-99E8-B9A0B6F93E59}.Debug|Any CPU.ActiveCfg = Debug|Any CPU
		{0B0238D3-0D00-49C6-99E8-B9A0B6F93E59}.Debug|Any CPU.Build.0 = Debug|Any CPU
		{0B0238D3-0D00-49C6-99E8-B9A0B6F93E59}.Release|Any CPU.ActiveCfg = Release|Any CPU
		{0B0238D3-0D00-49C6-99E8-B9A0B6F93E59}.Release|Any CPU.Build.0 = Release|Any CPU
		{AA977B0A-ECAD-4B78-9128-055011AA7D33}.Debug|Any CPU.ActiveCfg = Debug|Any CPU
		{AA977B0A-ECAD-4B78-9128-055011AA7D33}.Debug|Any CPU.Build.0 = Debug|Any CPU
		{AA977B0A-ECAD-4B78-9128-055011AA7D33}.Release|Any CPU.ActiveCfg = Release|Any CPU
		{AA977B0A-ECAD-4B78-9128-055011AA7D33}.Release|Any CPU.Build.0 = Release|Any CPU
		{610A7870-AA5E-4E08-9AAE-7D271413B38B}.Debug|Any CPU.ActiveCfg = Debug|Any CPU
		{610A7870-AA5E-4E08-9AAE-7D271413B38B}.Debug|Any CPU.Build.0 = Debug|Any CPU
		{610A7870-AA5E-4E08-9AAE-7D271413B38B}.Release|Any CPU.ActiveCfg = Release|Any CPU
		{610A7870-AA5E-4E08-9AAE-7D271413B38B}.Release|Any CPU.Build.0 = Release|Any CPU
		{98C95D35-17BA-4FCE-993D-4A9AC4B90DDB}.Debug|Any CPU.ActiveCfg = Debug|Any CPU
		{98C95D35-17BA-4FCE-993D-4A9AC4B90DDB}.Debug|Any CPU.Build.0 = Debug|Any CPU
		{98C95D35-17BA-4FCE-993D-4A9AC4B90DDB}.Release|Any CPU.ActiveCfg = Release|Any CPU
		{98C95D35-17BA-4FCE-993D-4A9AC4B90DDB}.Release|Any CPU.Build.0 = Release|Any CPU
	EndGlobalSection
	GlobalSection(SolutionProperties) = preSolution
		HideSolutionNode = FALSE
	EndGlobalSection
	GlobalSection(ExtensibilityGlobals) = postSolution
		SolutionGuid = {FB95B7AE-5EF4-4668-ACF5-21D7C698878B}
	EndGlobalSection
EndGlobal
