
Microsoft Visual Studio Solution File, Format Version 12.00
# Visual Studio Version 16
VisualStudioVersion = 16.0.29411.108
MinimumVisualStudioVersion = 10.0.40219.1
Project("{FAE04EC0-301F-11D3-BF4B-00C04F79EFBC}") = "1_FirstDelegateExample", "Delegate\1_FirstDelegateExample.csproj", "{7B21BE02-39CA-4760-9825-6B0D36FDA872}"
EndProject
Project("{FAE04EC0-301F-11D3-BF4B-00C04F79EFBC}") = "2_MulticastDelegateInvocationList", "MulticastDelegateInvocationList\2_MulticastDelegateInvocationList.csproj", "{110C9FF2-AA8E-4F4E-9368-D0213DE9CC1C}"
EndProject
Project("{FAE04EC0-301F-11D3-BF4B-00C04F79EFBC}") = "3_UseTimerCallback", "UseTimerCallback\3_UseTimerCallback.csproj", "{89D97038-C876-4186-BEDF-2FA9E4445DB5}"
EndProject
Global
	GlobalSection(SolutionConfigurationPlatforms) = preSolution
		Debug|Any CPU = Debug|Any CPU
		Release|Any CPU = Release|Any CPU
	EndGlobalSection
	GlobalSection(ProjectConfigurationPlatforms) = postSolution
		{7B21BE02-39CA-4760-9825-6B0D36FDA872}.Debug|Any CPU.ActiveCfg = Debug|Any CPU
		{7B21BE02-39CA-4760-9825-6B0D36FDA872}.Debug|Any CPU.Build.0 = Debug|Any CPU
		{7B21BE02-39CA-4760-9825-6B0D36FDA872}.Release|Any CPU.ActiveCfg = Release|Any CPU
		{7B21BE02-39CA-4760-9825-6B0D36FDA872}.Release|Any CPU.Build.0 = Release|Any CPU
		{110C9FF2-AA8E-4F4E-9368-D0213DE9CC1C}.Debug|Any CPU.ActiveCfg = Debug|Any CPU
		{110C9FF2-AA8E-4F4E-9368-D0213DE9CC1C}.Debug|Any CPU.Build.0 = Debug|Any CPU
		{110C9FF2-AA8E-4F4E-9368-D0213DE9CC1C}.Release|Any CPU.ActiveCfg = Release|Any CPU
		{110C9FF2-AA8E-4F4E-9368-D0213DE9CC1C}.Release|Any CPU.Build.0 = Release|Any CPU
		{89D97038-C876-4186-BEDF-2FA9E4445DB5}.Debug|Any CPU.ActiveCfg = Debug|Any CPU
		{89D97038-C876-4186-BEDF-2FA9E4445DB5}.Debug|Any CPU.Build.0 = Debug|Any CPU
		{89D97038-C876-4186-BEDF-2FA9E4445DB5}.Release|Any CPU.ActiveCfg = Release|Any CPU
		{89D97038-C876-4186-BEDF-2FA9E4445DB5}.Release|Any CPU.Build.0 = Release|Any CPU
	EndGlobalSection
	GlobalSection(SolutionProperties) = preSolution
		HideSolutionNode = FALSE
	EndGlobalSection
	GlobalSection(ExtensibilityGlobals) = postSolution
		SolutionGuid = {5F9D54F3-2E76-431D-90A1-CB578CBBD387}
	EndGlobalSection
EndGlobal
