
Microsoft Visual Studio Solution File, Format Version 11.00
# Visual Studio 2010
Project("{FAE04EC0-301F-11D3-BF4B-00C04F79EFBC}") = "UseExportFactory", "UseExportFactory\UseExportFactory.csproj", "{CFB484EA-EC37-430E-81B3-6BB61BC698AD}"
EndProject
Project("{FAE04EC0-301F-11D3-BF4B-00C04F79EFBC}") = "UseExportFactory.Web", "UseExportFactory.Web\UseExportFactory.Web.csproj", "{7B68B5C2-B637-48A8-9531-90AFA15E8A83}"
EndProject
Global
	GlobalSection(SolutionConfigurationPlatforms) = preSolution
		Debug|Any CPU = Debug|Any CPU
		Release|Any CPU = Release|Any CPU
	EndGlobalSection
	GlobalSection(ProjectConfigurationPlatforms) = postSolution
		{CFB484EA-EC37-430E-81B3-6BB61BC698AD}.Debug|Any CPU.ActiveCfg = Debug|Any CPU
		{CFB484EA-EC37-430E-81B3-6BB61BC698AD}.Debug|Any CPU.Build.0 = Debug|Any CPU
		{CFB484EA-EC37-430E-81B3-6BB61BC698AD}.Release|Any CPU.ActiveCfg = Release|Any CPU
		{CFB484EA-EC37-430E-81B3-6BB61BC698AD}.Release|Any CPU.Build.0 = Release|Any CPU
		{7B68B5C2-B637-48A8-9531-90AFA15E8A83}.Debug|Any CPU.ActiveCfg = Debug|Any CPU
		{7B68B5C2-B637-48A8-9531-90AFA15E8A83}.Debug|Any CPU.Build.0 = Debug|Any CPU
		{7B68B5C2-B637-48A8-9531-90AFA15E8A83}.Release|Any CPU.ActiveCfg = Release|Any CPU
		{7B68B5C2-B637-48A8-9531-90AFA15E8A83}.Release|Any CPU.Build.0 = Release|Any CPU
	EndGlobalSection
	GlobalSection(SolutionProperties) = preSolution
		HideSolutionNode = FALSE
	EndGlobalSection
EndGlobal
